// !$*UTF8*$!
{
	archiveVersion = 1;
	classes = {
	};
	objectVersion = 48;
	objects = {

/* Begin PBXBuildFile section */
		5E6552EB1FD028BB00B4697B /* MemberCenterStatusModel.m in Sources */ = {isa = PBXBuildFile; fileRef = 5E6552EA1FD028BB00B4697B /* MemberCenterStatusModel.m */; };
		5EA821D21FCD7C4600DC1FEE /* AppDelegate.m in Sources */ = {isa = PBXBuildFile; fileRef = 5EA821D11FCD7C4600DC1FEE /* AppDelegate.m */; };
		5EA821D51FCD7C4600DC1FEE /* ViewController.m in Sources */ = {isa = PBXBuildFile; fileRef = 5EA821D41FCD7C4600DC1FEE /* ViewController.m */; };
		5EA821D81FCD7C4600DC1FEE /* Main.storyboard in Resources */ = {isa = PBXBuildFile; fileRef = 5EA821D61FCD7C4600DC1FEE /* Main.storyboard */; };
		5EA821DA1FCD7C4600DC1FEE /* Assets.xcassets in Resources */ = {isa = PBXBuildFile; fileRef = 5EA821D91FCD7C4600DC1FEE /* Assets.xcassets */; };
		5EA821DD1FCD7C4600DC1FEE /* LaunchScreen.storyboard in Resources */ = {isa = PBXBuildFile; fileRef = 5EA821DB1FCD7C4600DC1FEE /* LaunchScreen.storyboard */; };
		5EA821E01FCD7C4600DC1FEE /* main.m in Sources */ = {isa = PBXBuildFile; fileRef = 5EA821DF1FCD7C4600DC1FEE /* main.m */; };
		5EA821EB1FCD7DCE00DC1FEE /* MineViewController.m in Sources */ = {isa = PBXBuildFile; fileRef = 5EA821EA1FCD7DCE00DC1FEE /* MineViewController.m */; };
		5EA821EE1FCD7EFA00DC1FEE /* MineModel.m in Sources */ = {isa = PBXBuildFile; fileRef = 5EA821ED1FCD7EFA00DC1FEE /* MineModel.m */; };
		5EA821F21FCD85DC00DC1FEE /* MineHeadTableViewCell.m in Sources */ = {isa = PBXBuildFile; fileRef = 5EA821F01FCD85DC00DC1FEE /* MineHeadTableViewCell.m */; };
		5EA821F31FCD85DC00DC1FEE /* MineHeadTableViewCell.xib in Resources */ = {isa = PBXBuildFile; fileRef = 5EA821F11FCD85DC00DC1FEE /* MineHeadTableViewCell.xib */; };
		5EA821F71FCD85EE00DC1FEE /* MineClassifyTableViewCell.m in Sources */ = {isa = PBXBuildFile; fileRef = 5EA821F51FCD85EE00DC1FEE /* MineClassifyTableViewCell.m */; };
		5EA821F81FCD85EE00DC1FEE /* MineClassifyTableViewCell.xib in Resources */ = {isa = PBXBuildFile; fileRef = 5EA821F61FCD85EE00DC1FEE /* MineClassifyTableViewCell.xib */; };
		5EA821FB1FCD860B00DC1FEE /* MineNormalTableViewCell.m in Sources */ = {isa = PBXBuildFile; fileRef = 5EA821FA1FCD860B00DC1FEE /* MineNormalTableViewCell.m */; };
		5EA821FD1FCD879C00DC1FEE /* MineResources.bundle in Resources */ = {isa = PBXBuildFile; fileRef = 5EA821FC1FCD879C00DC1FEE /* MineResources.bundle */; };
		5EA822011FCD87F500DC1FEE /* UIColor+Extension.m in Sources */ = {isa = PBXBuildFile; fileRef = 5EA822001FCD87F500DC1FEE /* UIColor+Extension.m */; };
		5EA822041FCD881000DC1FEE /* UIFont+Extension.m in Sources */ = {isa = PBXBuildFile; fileRef = 5EA822031FCD881000DC1FEE /* UIFont+Extension.m */; };
		5EA822071FCD88A300DC1FEE /* UIImage+Extension.m in Sources */ = {isa = PBXBuildFile; fileRef = 5EA822061FCD88A300DC1FEE /* UIImage+Extension.m */; };
		5EA8220A1FCD89CD00DC1FEE /* UIView+Extension.m in Sources */ = {isa = PBXBuildFile; fileRef = 5EA822091FCD89CD00DC1FEE /* UIView+Extension.m */; };
		5EA822121FCDAF6C00DC1FEE /* UIImage+Path.m in Sources */ = {isa = PBXBuildFile; fileRef = 5EA822111FCDAF6C00DC1FEE /* UIImage+Path.m */; };
		5EA822151FCDC23F00DC1FEE /* Scale.m in Sources */ = {isa = PBXBuildFile; fileRef = 5EA822141FCDC23F00DC1FEE /* Scale.m */; };
		5EA8221C1FCED6D100DC1FEE /* UITableView+Extension.m in Sources */ = {isa = PBXBuildFile; fileRef = 5EA8221B1FCED6D100DC1FEE /* UITableView+Extension.m */; };
		5EA822201FCEDF5E00DC1FEE /* VIPConfirmOrderCell.m in Sources */ = {isa = PBXBuildFile; fileRef = 5EA8221E1FCEDF5E00DC1FEE /* VIPConfirmOrderCell.m */; };
		5EA822211FCEDF5E00DC1FEE /* VIPConfirmOrderCell.xib in Resources */ = {isa = PBXBuildFile; fileRef = 5EA8221F1FCEDF5E00DC1FEE /* VIPConfirmOrderCell.xib */; };
		5EA822241FCEE5D200DC1FEE /* DefaultCell.m in Sources */ = {isa = PBXBuildFile; fileRef = 5EA822231FCEE5D200DC1FEE /* DefaultCell.m */; };
		5EA822291FCEEE0000DC1FEE /* UIAlertController+Extension.m in Sources */ = {isa = PBXBuildFile; fileRef = 5EA822281FCEEE0000DC1FEE /* UIAlertController+Extension.m */; };
		5EA8222D1FCF009700DC1FEE /* ActionSheetView.m in Sources */ = {isa = PBXBuildFile; fileRef = 5EA8222C1FCF009700DC1FEE /* ActionSheetView.m */; };
		5EA822301FCF00AF00DC1FEE /* ActionSheetHeadView.m in Sources */ = {isa = PBXBuildFile; fileRef = 5EA8222F1FCF00AF00DC1FEE /* ActionSheetHeadView.m */; };
		5EA822331FCF04F600DC1FEE /* ActionSheetBoardVciew.m in Sources */ = {isa = PBXBuildFile; fileRef = 5EA822321FCF04F600DC1FEE /* ActionSheetBoardVciew.m */; };
		5EA822361FCF0D9400DC1FEE /* PaymentBarView.m in Sources */ = {isa = PBXBuildFile; fileRef = 5EA822351FCF0D9400DC1FEE /* PaymentBarView.m */; };
		5EADE9631FD17C0500573DB1 /* HPPersonalEmptyCell.m in Sources */ = {isa = PBXBuildFile; fileRef = 5EADE9621FD17C0500573DB1 /* HPPersonalEmptyCell.m */; };
		5EADE9671FD184C100573DB1 /* HPPersonalProjectCell.m in Sources */ = {isa = PBXBuildFile; fileRef = 5EADE9651FD184C100573DB1 /* HPPersonalProjectCell.m */; };
		5EADE9681FD184C100573DB1 /* HPPersonalProjectCell.xib in Resources */ = {isa = PBXBuildFile; fileRef = 5EADE9661FD184C100573DB1 /* HPPersonalProjectCell.xib */; };
		5EADE96C1FD184E600573DB1 /* HPPersonalEduCell.m in Sources */ = {isa = PBXBuildFile; fileRef = 5EADE96A1FD184E600573DB1 /* HPPersonalEduCell.m */; };
		5EADE96D1FD184E600573DB1 /* HPPersonalEduCell.xib in Resources */ = {isa = PBXBuildFile; fileRef = 5EADE96B1FD184E600573DB1 /* HPPersonalEduCell.xib */; };
		5EADE9701FD1856500573DB1 /* HPPersonalTagsCell.m in Sources */ = {isa = PBXBuildFile; fileRef = 5EADE96F1FD1856500573DB1 /* HPPersonalTagsCell.m */; };
		5EADE9741FD192AB00573DB1 /* HPPersonalHeadView.m in Sources */ = {isa = PBXBuildFile; fileRef = 5EADE9731FD192AB00573DB1 /* HPPersonalHeadView.m */; };
		5EADE9771FD19A1F00573DB1 /* HPEditPersonalViewController.m in Sources */ = {isa = PBXBuildFile; fileRef = 5EADE9761FD19A1F00573DB1 /* HPEditPersonalViewController.m */; };
		5EADE97B1FD19B6400573DB1 /* HPEditPortraitCell.m in Sources */ = {isa = PBXBuildFile; fileRef = 5EADE9791FD19B6400573DB1 /* HPEditPortraitCell.m */; };
		5EADE97C1FD19B6400573DB1 /* HPEditPortraitCell.xib in Resources */ = {isa = PBXBuildFile; fileRef = 5EADE97A1FD19B6400573DB1 /* HPEditPortraitCell.xib */; };
		5EADE9801FD19C7E00573DB1 /* HPEditDefaultCell.m in Sources */ = {isa = PBXBuildFile; fileRef = 5EADE97E1FD19C7E00573DB1 /* HPEditDefaultCell.m */; };
		5EADE9811FD19C7E00573DB1 /* HPEditDefaultCell.xib in Resources */ = {isa = PBXBuildFile; fileRef = 5EADE97F1FD19C7E00573DB1 /* HPEditDefaultCell.xib */; };
		5EADE9851FD19EEE00573DB1 /* HPEditPersonalModel.m in Sources */ = {isa = PBXBuildFile; fileRef = 5EADE9841FD19EEE00573DB1 /* HPEditPersonalModel.m */; };
		5EADE9881FD1A68300573DB1 /* HPEditJobViewController.m in Sources */ = {isa = PBXBuildFile; fileRef = 5EADE9871FD1A68300573DB1 /* HPEditJobViewController.m */; };
		5EADE98B1FD255DC00573DB1 /* HPAddEduViewController.m in Sources */ = {isa = PBXBuildFile; fileRef = 5EADE98A1FD255DC00573DB1 /* HPAddEduViewController.m */; };
		5EADE98E1FD262BF00573DB1 /* HPManageEduViewController.m in Sources */ = {isa = PBXBuildFile; fileRef = 5EADE98D1FD262BF00573DB1 /* HPManageEduViewController.m */; };
		5EADE9911FD2791100573DB1 /* MCContentCtrl.m in Sources */ = {isa = PBXBuildFile; fileRef = 5EADE9901FD2791100573DB1 /* MCContentCtrl.m */; };
		5EADE9941FD29D3E00573DB1 /* HPAddTagsViewController.m in Sources */ = {isa = PBXBuildFile; fileRef = 5EADE9931FD29D3E00573DB1 /* HPAddTagsViewController.m */; };
		5EADE99A1FD2A55F00573DB1 /* HPTagsCollectionCell.m in Sources */ = {isa = PBXBuildFile; fileRef = 5EADE9991FD2A55F00573DB1 /* HPTagsCollectionCell.m */; };
		5EADE99D1FD2B6B800573DB1 /* HPManageTagsViewController.m in Sources */ = {isa = PBXBuildFile; fileRef = 5EADE99C1FD2B6B800573DB1 /* HPManageTagsViewController.m */; };
		5EADE9A01FD2B6E500573DB1 /* HPTagsContentViewController.m in Sources */ = {isa = PBXBuildFile; fileRef = 5EADE99F1FD2B6E500573DB1 /* HPTagsContentViewController.m */; };
		8477A48E1FD0F7B0003D1FA8 /* MemberCenterTipsCell.m in Sources */ = {isa = PBXBuildFile; fileRef = 8477A48D1FD0F7B0003D1FA8 /* MemberCenterTipsCell.m */; };
		8477A4911FD1264B003D1FA8 /* OrderPriceModel.m in Sources */ = {isa = PBXBuildFile; fileRef = 8477A4901FD1264B003D1FA8 /* OrderPriceModel.m */; };
		8477A4981FD14F4D003D1FA8 /* HomePageCtrl.m in Sources */ = {isa = PBXBuildFile; fileRef = 8477A4971FD14F4D003D1FA8 /* HomePageCtrl.m */; };
		8477A4BF1FD1535F003D1FA8 /* PersonalHeadCell.m in Sources */ = {isa = PBXBuildFile; fileRef = 8477A4BD1FD1535F003D1FA8 /* PersonalHeadCell.m */; };
		8477A4C01FD1535F003D1FA8 /* PersonalHeadCell.xib in Resources */ = {isa = PBXBuildFile; fileRef = 8477A4BE1FD1535F003D1FA8 /* PersonalHeadCell.xib */; };
		847BC16F1FCFAC38007C6FE8 /* MemberEnjoyCell.m in Sources */ = {isa = PBXBuildFile; fileRef = 847BC16E1FCFAC38007C6FE8 /* MemberEnjoyCell.m */; };
		847BC1731FCFC7DC007C6FE8 /* VIPOrderWaitPayCell.m in Sources */ = {isa = PBXBuildFile; fileRef = 847BC1711FCFC7DC007C6FE8 /* VIPOrderWaitPayCell.m */; };
		847BC1741FCFC7DC007C6FE8 /* VIPOrderWaitPayCell.xib in Resources */ = {isa = PBXBuildFile; fileRef = 847BC1721FCFC7DC007C6FE8 /* VIPOrderWaitPayCell.xib */; };
		847BC1781FCFCBAE007C6FE8 /* VIPOrderTypeCell.m in Sources */ = {isa = PBXBuildFile; fileRef = 847BC1761FCFCBAE007C6FE8 /* VIPOrderTypeCell.m */; };
		847BC1791FCFCBAE007C6FE8 /* VIPOrderTypeCell.xib in Resources */ = {isa = PBXBuildFile; fileRef = 847BC1771FCFCBAE007C6FE8 /* VIPOrderTypeCell.xib */; };
		847BC17C1FCFCFE5007C6FE8 /* VIPOrderTipsCell.m in Sources */ = {isa = PBXBuildFile; fileRef = 847BC17B1FCFCFE5007C6FE8 /* VIPOrderTipsCell.m */; };
		847BC1811FCFE0B1007C6FE8 /* PayOrderBarView.m in Sources */ = {isa = PBXBuildFile; fileRef = 847BC1801FCFE0B1007C6FE8 /* PayOrderBarView.m */; };
		847BC1851FCFE8EE007C6FE8 /* Http.m in Sources */ = {isa = PBXBuildFile; fileRef = 847BC1841FCFE8EE007C6FE8 /* Http.m */; };
		847BC1891FCFF428007C6FE8 /* GVUserDefaults+Extension.m in Sources */ = {isa = PBXBuildFile; fileRef = 847BC1881FCFF428007C6FE8 /* GVUserDefaults+Extension.m */; };
		847BC18C1FCFF73B007C6FE8 /* RequestTest.m in Sources */ = {isa = PBXBuildFile; fileRef = 847BC18B1FCFF73B007C6FE8 /* RequestTest.m */; };
		847BC18F1FCFFF1A007C6FE8 /* Foundation+NSLog.m in Sources */ = {isa = PBXBuildFile; fileRef = 847BC18E1FCFFF1A007C6FE8 /* Foundation+NSLog.m */; };
		847BC1921FD0009F007C6FE8 /* NSDictionary+Log.m in Sources */ = {isa = PBXBuildFile; fileRef = 847BC1911FD0009F007C6FE8 /* NSDictionary+Log.m */; };
		847C17431FCE5267004793AD /* BaseTableViewController.m in Sources */ = {isa = PBXBuildFile; fileRef = 847C173D1FCE5267004793AD /* BaseTableViewController.m */; };
		847C17441FCE5267004793AD /* BaseViewController.m in Sources */ = {isa = PBXBuildFile; fileRef = 847C173E1FCE5267004793AD /* BaseViewController.m */; };
		847C17451FCE5267004793AD /* BaseNavigationController.m in Sources */ = {isa = PBXBuildFile; fileRef = 847C173F1FCE5267004793AD /* BaseNavigationController.m */; };
		847C17531FCE605D004793AD /* VIPDetailViewController.m in Sources */ = {isa = PBXBuildFile; fileRef = 847C17521FCE605D004793AD /* VIPDetailViewController.m */; };
		847C17561FCE6085004793AD /* VIPConfirmOrderViewController.m in Sources */ = {isa = PBXBuildFile; fileRef = 847C17551FCE6085004793AD /* VIPConfirmOrderViewController.m */; };
		847C17591FCE60C8004793AD /* VIPPayResultViewController.m in Sources */ = {isa = PBXBuildFile; fileRef = 847C17581FCE60C8004793AD /* VIPPayResultViewController.m */; };
		847C175C1FCE61B6004793AD /* MemberCenterCtrl.m in Sources */ = {isa = PBXBuildFile; fileRef = 847C175B1FCE61B6004793AD /* MemberCenterCtrl.m */; };
		847C17601FCE6A31004793AD /* MakerDetailViewController.m in Sources */ = {isa = PBXBuildFile; fileRef = 847C175F1FCE6A31004793AD /* MakerDetailViewController.m */; };
		847C17631FCE6A75004793AD /* MakerConfirmOrderViewController.m in Sources */ = {isa = PBXBuildFile; fileRef = 847C17621FCE6A75004793AD /* MakerConfirmOrderViewController.m */; };
		847C17661FCE6A93004793AD /* MakerPayResultViewController.m in Sources */ = {isa = PBXBuildFile; fileRef = 847C17651FCE6A93004793AD /* MakerPayResultViewController.m */; };
		847C176A1FCE6C42004793AD /* LockerConfirmOrderViewController.m in Sources */ = {isa = PBXBuildFile; fileRef = 847C17691FCE6C42004793AD /* LockerConfirmOrderViewController.m */; };
		847C176D1FCE6CA5004793AD /* LockerPayResultViewController.m in Sources */ = {isa = PBXBuildFile; fileRef = 847C176C1FCE6CA5004793AD /* LockerPayResultViewController.m */; };
		847C17701FCE6D0D004793AD /* VIPWaitPayViewController.m in Sources */ = {isa = PBXBuildFile; fileRef = 847C176F1FCE6D0D004793AD /* VIPWaitPayViewController.m */; };
		847C17731FCE6D23004793AD /* MakerWaitPayViewController.m in Sources */ = {isa = PBXBuildFile; fileRef = 847C17721FCE6D23004793AD /* MakerWaitPayViewController.m */; };
		847C17761FCE6D31004793AD /* LockerWaitPayViewController.m in Sources */ = {isa = PBXBuildFile; fileRef = 847C17751FCE6D31004793AD /* LockerWaitPayViewController.m */; };
		847C177A1FCE6DC9004793AD /* ContactCustomerService.m in Sources */ = {isa = PBXBuildFile; fileRef = 847C17791FCE6DC9004793AD /* ContactCustomerService.m */; };
		847C177E1FCE7883004793AD /* EnjoySectionHeader.m in Sources */ = {isa = PBXBuildFile; fileRef = 847C177D1FCE7883004793AD /* EnjoySectionHeader.m */; };
		847C17821FCE798C004793AD /* MemberCenterCell.m in Sources */ = {isa = PBXBuildFile; fileRef = 847C17811FCE798C004793AD /* MemberCenterCell.m */; };
		847C17851FCE8652004793AD /* MCCycleCollectionCell.m in Sources */ = {isa = PBXBuildFile; fileRef = 847C17841FCE8652004793AD /* MCCycleCollectionCell.m */; };
		847C17881FCEB9DE004793AD /* VIPDetailPriceCell.m in Sources */ = {isa = PBXBuildFile; fileRef = 847C17871FCEB9DE004793AD /* VIPDetailPriceCell.m */; };
		847C178C1FCEBA32004793AD /* VIPDetailGiftBagCell.m in Sources */ = {isa = PBXBuildFile; fileRef = 847C178A1FCEBA32004793AD /* VIPDetailGiftBagCell.m */; };
		847C178D1FCEBA32004793AD /* VIPDetailGiftBagCell.xib in Resources */ = {isa = PBXBuildFile; fileRef = 847C178B1FCEBA32004793AD /* VIPDetailGiftBagCell.xib */; };
		847C17911FCEBA8C004793AD /* VIPDetailDiscountCell.m in Sources */ = {isa = PBXBuildFile; fileRef = 847C178F1FCEBA8C004793AD /* VIPDetailDiscountCell.m */; };
		847C17921FCEBA8C004793AD /* VIPDetailDiscountCell.xib in Resources */ = {isa = PBXBuildFile; fileRef = 847C17901FCEBA8C004793AD /* VIPDetailDiscountCell.xib */; };
		847C17951FCEBAC4004793AD /* VIPDetailTipsCell.m in Sources */ = {isa = PBXBuildFile; fileRef = 847C17941FCEBAC4004793AD /* VIPDetailTipsCell.m */; };
		89FB1DC188E31433325A8E09 /* libPods-Tang.a in Frameworks */ = {isa = PBXBuildFile; fileRef = CA5E258E51337524F00D4225 /* libPods-Tang.a */; };
/* End PBXBuildFile section */

/* Begin PBXFileReference section */
		5E6552E91FD028BB00B4697B /* MemberCenterStatusModel.h */ = {isa = PBXFileReference; lastKnownFileType = sourcecode.c.h; path = MemberCenterStatusModel.h; sourceTree = "<group>"; };
		5E6552EA1FD028BB00B4697B /* MemberCenterStatusModel.m */ = {isa = PBXFileReference; lastKnownFileType = sourcecode.c.objc; path = MemberCenterStatusModel.m; sourceTree = "<group>"; };
		5EA821CD1FCD7C4600DC1FEE /* Tang.app */ = {isa = PBXFileReference; explicitFileType = wrapper.application; includeInIndex = 0; path = Tang.app; sourceTree = BUILT_PRODUCTS_DIR; };
		5EA821D01FCD7C4600DC1FEE /* AppDelegate.h */ = {isa = PBXFileReference; lastKnownFileType = sourcecode.c.h; path = AppDelegate.h; sourceTree = "<group>"; };
		5EA821D11FCD7C4600DC1FEE /* AppDelegate.m */ = {isa = PBXFileReference; lastKnownFileType = sourcecode.c.objc; path = AppDelegate.m; sourceTree = "<group>"; };
		5EA821D31FCD7C4600DC1FEE /* ViewController.h */ = {isa = PBXFileReference; lastKnownFileType = sourcecode.c.h; path = ViewController.h; sourceTree = "<group>"; };
		5EA821D41FCD7C4600DC1FEE /* ViewController.m */ = {isa = PBXFileReference; lastKnownFileType = sourcecode.c.objc; path = ViewController.m; sourceTree = "<group>"; };
		5EA821D71FCD7C4600DC1FEE /* Base */ = {isa = PBXFileReference; lastKnownFileType = file.storyboard; name = Base; path = Base.lproj/Main.storyboard; sourceTree = "<group>"; };
		5EA821D91FCD7C4600DC1FEE /* Assets.xcassets */ = {isa = PBXFileReference; lastKnownFileType = folder.assetcatalog; path = Assets.xcassets; sourceTree = "<group>"; };
		5EA821DC1FCD7C4600DC1FEE /* Base */ = {isa = PBXFileReference; lastKnownFileType = file.storyboard; name = Base; path = Base.lproj/LaunchScreen.storyboard; sourceTree = "<group>"; };
		5EA821DE1FCD7C4600DC1FEE /* Info.plist */ = {isa = PBXFileReference; lastKnownFileType = text.plist.xml; path = Info.plist; sourceTree = "<group>"; };
		5EA821DF1FCD7C4600DC1FEE /* main.m */ = {isa = PBXFileReference; lastKnownFileType = sourcecode.c.objc; path = main.m; sourceTree = "<group>"; };
		5EA821E91FCD7DCE00DC1FEE /* MineViewController.h */ = {isa = PBXFileReference; lastKnownFileType = sourcecode.c.h; path = MineViewController.h; sourceTree = "<group>"; };
		5EA821EA1FCD7DCE00DC1FEE /* MineViewController.m */ = {isa = PBXFileReference; lastKnownFileType = sourcecode.c.objc; path = MineViewController.m; sourceTree = "<group>"; };
		5EA821EC1FCD7EFA00DC1FEE /* MineModel.h */ = {isa = PBXFileReference; lastKnownFileType = sourcecode.c.h; path = MineModel.h; sourceTree = "<group>"; };
		5EA821ED1FCD7EFA00DC1FEE /* MineModel.m */ = {isa = PBXFileReference; lastKnownFileType = sourcecode.c.objc; path = MineModel.m; sourceTree = "<group>"; };
		5EA821EF1FCD85DC00DC1FEE /* MineHeadTableViewCell.h */ = {isa = PBXFileReference; lastKnownFileType = sourcecode.c.h; path = MineHeadTableViewCell.h; sourceTree = "<group>"; };
		5EA821F01FCD85DC00DC1FEE /* MineHeadTableViewCell.m */ = {isa = PBXFileReference; lastKnownFileType = sourcecode.c.objc; path = MineHeadTableViewCell.m; sourceTree = "<group>"; };
		5EA821F11FCD85DC00DC1FEE /* MineHeadTableViewCell.xib */ = {isa = PBXFileReference; lastKnownFileType = file.xib; path = MineHeadTableViewCell.xib; sourceTree = "<group>"; };
		5EA821F41FCD85EE00DC1FEE /* MineClassifyTableViewCell.h */ = {isa = PBXFileReference; lastKnownFileType = sourcecode.c.h; path = MineClassifyTableViewCell.h; sourceTree = "<group>"; };
		5EA821F51FCD85EE00DC1FEE /* MineClassifyTableViewCell.m */ = {isa = PBXFileReference; lastKnownFileType = sourcecode.c.objc; path = MineClassifyTableViewCell.m; sourceTree = "<group>"; };
		5EA821F61FCD85EE00DC1FEE /* MineClassifyTableViewCell.xib */ = {isa = PBXFileReference; lastKnownFileType = file.xib; path = MineClassifyTableViewCell.xib; sourceTree = "<group>"; };
		5EA821F91FCD860B00DC1FEE /* MineNormalTableViewCell.h */ = {isa = PBXFileReference; lastKnownFileType = sourcecode.c.h; path = MineNormalTableViewCell.h; sourceTree = "<group>"; };
		5EA821FA1FCD860B00DC1FEE /* MineNormalTableViewCell.m */ = {isa = PBXFileReference; lastKnownFileType = sourcecode.c.objc; path = MineNormalTableViewCell.m; sourceTree = "<group>"; };
		5EA821FC1FCD879C00DC1FEE /* MineResources.bundle */ = {isa = PBXFileReference; lastKnownFileType = "wrapper.plug-in"; path = MineResources.bundle; sourceTree = "<group>"; };
		5EA821FF1FCD87F500DC1FEE /* UIColor+Extension.h */ = {isa = PBXFileReference; lastKnownFileType = sourcecode.c.h; path = "UIColor+Extension.h"; sourceTree = "<group>"; };
		5EA822001FCD87F500DC1FEE /* UIColor+Extension.m */ = {isa = PBXFileReference; lastKnownFileType = sourcecode.c.objc; path = "UIColor+Extension.m"; sourceTree = "<group>"; };
		5EA822021FCD881000DC1FEE /* UIFont+Extension.h */ = {isa = PBXFileReference; lastKnownFileType = sourcecode.c.h; path = "UIFont+Extension.h"; sourceTree = "<group>"; };
		5EA822031FCD881000DC1FEE /* UIFont+Extension.m */ = {isa = PBXFileReference; lastKnownFileType = sourcecode.c.objc; path = "UIFont+Extension.m"; sourceTree = "<group>"; };
		5EA822051FCD88A300DC1FEE /* UIImage+Extension.h */ = {isa = PBXFileReference; lastKnownFileType = sourcecode.c.h; path = "UIImage+Extension.h"; sourceTree = "<group>"; };
		5EA822061FCD88A300DC1FEE /* UIImage+Extension.m */ = {isa = PBXFileReference; lastKnownFileType = sourcecode.c.objc; path = "UIImage+Extension.m"; sourceTree = "<group>"; };
		5EA822081FCD89CD00DC1FEE /* UIView+Extension.h */ = {isa = PBXFileReference; lastKnownFileType = sourcecode.c.h; path = "UIView+Extension.h"; sourceTree = "<group>"; };
		5EA822091FCD89CD00DC1FEE /* UIView+Extension.m */ = {isa = PBXFileReference; lastKnownFileType = sourcecode.c.objc; path = "UIView+Extension.m"; sourceTree = "<group>"; };
		5EA8220B1FCD8AE900DC1FEE /* PrefixHeader.pch */ = {isa = PBXFileReference; lastKnownFileType = sourcecode.c.h; path = PrefixHeader.pch; sourceTree = "<group>"; };
		5EA822101FCDAF6C00DC1FEE /* UIImage+Path.h */ = {isa = PBXFileReference; lastKnownFileType = sourcecode.c.h; path = "UIImage+Path.h"; sourceTree = "<group>"; };
		5EA822111FCDAF6C00DC1FEE /* UIImage+Path.m */ = {isa = PBXFileReference; lastKnownFileType = sourcecode.c.objc; path = "UIImage+Path.m"; sourceTree = "<group>"; };
		5EA822131FCDC23F00DC1FEE /* Scale.h */ = {isa = PBXFileReference; lastKnownFileType = sourcecode.c.h; path = Scale.h; sourceTree = "<group>"; };
		5EA822141FCDC23F00DC1FEE /* Scale.m */ = {isa = PBXFileReference; lastKnownFileType = sourcecode.c.objc; path = Scale.m; sourceTree = "<group>"; };
		5EA8221A1FCED6D100DC1FEE /* UITableView+Extension.h */ = {isa = PBXFileReference; lastKnownFileType = sourcecode.c.h; path = "UITableView+Extension.h"; sourceTree = "<group>"; };
		5EA8221B1FCED6D100DC1FEE /* UITableView+Extension.m */ = {isa = PBXFileReference; lastKnownFileType = sourcecode.c.objc; path = "UITableView+Extension.m"; sourceTree = "<group>"; };
		5EA8221D1FCEDF5E00DC1FEE /* VIPConfirmOrderCell.h */ = {isa = PBXFileReference; lastKnownFileType = sourcecode.c.h; path = VIPConfirmOrderCell.h; sourceTree = "<group>"; };
		5EA8221E1FCEDF5E00DC1FEE /* VIPConfirmOrderCell.m */ = {isa = PBXFileReference; lastKnownFileType = sourcecode.c.objc; path = VIPConfirmOrderCell.m; sourceTree = "<group>"; };
		5EA8221F1FCEDF5E00DC1FEE /* VIPConfirmOrderCell.xib */ = {isa = PBXFileReference; lastKnownFileType = file.xib; path = VIPConfirmOrderCell.xib; sourceTree = "<group>"; };
		5EA822221FCEE5D200DC1FEE /* DefaultCell.h */ = {isa = PBXFileReference; lastKnownFileType = sourcecode.c.h; path = DefaultCell.h; sourceTree = "<group>"; };
		5EA822231FCEE5D200DC1FEE /* DefaultCell.m */ = {isa = PBXFileReference; lastKnownFileType = sourcecode.c.objc; path = DefaultCell.m; sourceTree = "<group>"; };
		5EA822251FCEEBE200DC1FEE /* Enum.h */ = {isa = PBXFileReference; lastKnownFileType = sourcecode.c.h; path = Enum.h; sourceTree = "<group>"; };
		5EA822271FCEEE0000DC1FEE /* UIAlertController+Extension.h */ = {isa = PBXFileReference; lastKnownFileType = sourcecode.c.h; path = "UIAlertController+Extension.h"; sourceTree = "<group>"; };
		5EA822281FCEEE0000DC1FEE /* UIAlertController+Extension.m */ = {isa = PBXFileReference; lastKnownFileType = sourcecode.c.objc; path = "UIAlertController+Extension.m"; sourceTree = "<group>"; };
		5EA8222B1FCF009700DC1FEE /* ActionSheetView.h */ = {isa = PBXFileReference; lastKnownFileType = sourcecode.c.h; path = ActionSheetView.h; sourceTree = "<group>"; };
		5EA8222C1FCF009700DC1FEE /* ActionSheetView.m */ = {isa = PBXFileReference; lastKnownFileType = sourcecode.c.objc; path = ActionSheetView.m; sourceTree = "<group>"; };
		5EA8222E1FCF00AF00DC1FEE /* ActionSheetHeadView.h */ = {isa = PBXFileReference; lastKnownFileType = sourcecode.c.h; path = ActionSheetHeadView.h; sourceTree = "<group>"; };
		5EA8222F1FCF00AF00DC1FEE /* ActionSheetHeadView.m */ = {isa = PBXFileReference; lastKnownFileType = sourcecode.c.objc; path = ActionSheetHeadView.m; sourceTree = "<group>"; };
		5EA822311FCF04F600DC1FEE /* ActionSheetBoardVciew.h */ = {isa = PBXFileReference; lastKnownFileType = sourcecode.c.h; path = ActionSheetBoardVciew.h; sourceTree = "<group>"; };
		5EA822321FCF04F600DC1FEE /* ActionSheetBoardVciew.m */ = {isa = PBXFileReference; lastKnownFileType = sourcecode.c.objc; path = ActionSheetBoardVciew.m; sourceTree = "<group>"; };
		5EA822341FCF0D9400DC1FEE /* PaymentBarView.h */ = {isa = PBXFileReference; lastKnownFileType = sourcecode.c.h; path = PaymentBarView.h; sourceTree = "<group>"; };
		5EA822351FCF0D9400DC1FEE /* PaymentBarView.m */ = {isa = PBXFileReference; lastKnownFileType = sourcecode.c.objc; path = PaymentBarView.m; sourceTree = "<group>"; };
		5EADE9611FD17C0500573DB1 /* HPPersonalEmptyCell.h */ = {isa = PBXFileReference; lastKnownFileType = sourcecode.c.h; path = HPPersonalEmptyCell.h; sourceTree = "<group>"; };
		5EADE9621FD17C0500573DB1 /* HPPersonalEmptyCell.m */ = {isa = PBXFileReference; lastKnownFileType = sourcecode.c.objc; path = HPPersonalEmptyCell.m; sourceTree = "<group>"; };
		5EADE9641FD184C100573DB1 /* HPPersonalProjectCell.h */ = {isa = PBXFileReference; lastKnownFileType = sourcecode.c.h; path = HPPersonalProjectCell.h; sourceTree = "<group>"; };
		5EADE9651FD184C100573DB1 /* HPPersonalProjectCell.m */ = {isa = PBXFileReference; lastKnownFileType = sourcecode.c.objc; path = HPPersonalProjectCell.m; sourceTree = "<group>"; };
		5EADE9661FD184C100573DB1 /* HPPersonalProjectCell.xib */ = {isa = PBXFileReference; lastKnownFileType = file.xib; path = HPPersonalProjectCell.xib; sourceTree = "<group>"; };
		5EADE9691FD184E600573DB1 /* HPPersonalEduCell.h */ = {isa = PBXFileReference; lastKnownFileType = sourcecode.c.h; path = HPPersonalEduCell.h; sourceTree = "<group>"; };
		5EADE96A1FD184E600573DB1 /* HPPersonalEduCell.m */ = {isa = PBXFileReference; lastKnownFileType = sourcecode.c.objc; path = HPPersonalEduCell.m; sourceTree = "<group>"; };
		5EADE96B1FD184E600573DB1 /* HPPersonalEduCell.xib */ = {isa = PBXFileReference; lastKnownFileType = file.xib; path = HPPersonalEduCell.xib; sourceTree = "<group>"; };
		5EADE96E1FD1856500573DB1 /* HPPersonalTagsCell.h */ = {isa = PBXFileReference; lastKnownFileType = sourcecode.c.h; path = HPPersonalTagsCell.h; sourceTree = "<group>"; };
		5EADE96F1FD1856500573DB1 /* HPPersonalTagsCell.m */ = {isa = PBXFileReference; lastKnownFileType = sourcecode.c.objc; path = HPPersonalTagsCell.m; sourceTree = "<group>"; };
		5EADE9721FD192AB00573DB1 /* HPPersonalHeadView.h */ = {isa = PBXFileReference; lastKnownFileType = sourcecode.c.h; path = HPPersonalHeadView.h; sourceTree = "<group>"; };
		5EADE9731FD192AB00573DB1 /* HPPersonalHeadView.m */ = {isa = PBXFileReference; lastKnownFileType = sourcecode.c.objc; path = HPPersonalHeadView.m; sourceTree = "<group>"; };
		5EADE9751FD19A1F00573DB1 /* HPEditPersonalViewController.h */ = {isa = PBXFileReference; lastKnownFileType = sourcecode.c.h; path = HPEditPersonalViewController.h; sourceTree = "<group>"; };
		5EADE9761FD19A1F00573DB1 /* HPEditPersonalViewController.m */ = {isa = PBXFileReference; lastKnownFileType = sourcecode.c.objc; path = HPEditPersonalViewController.m; sourceTree = "<group>"; };
		5EADE9781FD19B6400573DB1 /* HPEditPortraitCell.h */ = {isa = PBXFileReference; lastKnownFileType = sourcecode.c.h; path = HPEditPortraitCell.h; sourceTree = "<group>"; };
		5EADE9791FD19B6400573DB1 /* HPEditPortraitCell.m */ = {isa = PBXFileReference; lastKnownFileType = sourcecode.c.objc; path = HPEditPortraitCell.m; sourceTree = "<group>"; };
		5EADE97A1FD19B6400573DB1 /* HPEditPortraitCell.xib */ = {isa = PBXFileReference; lastKnownFileType = file.xib; path = HPEditPortraitCell.xib; sourceTree = "<group>"; };
		5EADE97D1FD19C7E00573DB1 /* HPEditDefaultCell.h */ = {isa = PBXFileReference; lastKnownFileType = sourcecode.c.h; path = HPEditDefaultCell.h; sourceTree = "<group>"; };
		5EADE97E1FD19C7E00573DB1 /* HPEditDefaultCell.m */ = {isa = PBXFileReference; lastKnownFileType = sourcecode.c.objc; path = HPEditDefaultCell.m; sourceTree = "<group>"; };
		5EADE97F1FD19C7E00573DB1 /* HPEditDefaultCell.xib */ = {isa = PBXFileReference; lastKnownFileType = file.xib; path = HPEditDefaultCell.xib; sourceTree = "<group>"; };
		5EADE9831FD19EEE00573DB1 /* HPEditPersonalModel.h */ = {isa = PBXFileReference; lastKnownFileType = sourcecode.c.h; path = HPEditPersonalModel.h; sourceTree = "<group>"; };
		5EADE9841FD19EEE00573DB1 /* HPEditPersonalModel.m */ = {isa = PBXFileReference; lastKnownFileType = sourcecode.c.objc; path = HPEditPersonalModel.m; sourceTree = "<group>"; };
		5EADE9861FD1A68300573DB1 /* HPEditJobViewController.h */ = {isa = PBXFileReference; lastKnownFileType = sourcecode.c.h; path = HPEditJobViewController.h; sourceTree = "<group>"; };
		5EADE9871FD1A68300573DB1 /* HPEditJobViewController.m */ = {isa = PBXFileReference; lastKnownFileType = sourcecode.c.objc; path = HPEditJobViewController.m; sourceTree = "<group>"; };
		5EADE9891FD255DC00573DB1 /* HPAddEduViewController.h */ = {isa = PBXFileReference; lastKnownFileType = sourcecode.c.h; path = HPAddEduViewController.h; sourceTree = "<group>"; };
		5EADE98A1FD255DC00573DB1 /* HPAddEduViewController.m */ = {isa = PBXFileReference; lastKnownFileType = sourcecode.c.objc; path = HPAddEduViewController.m; sourceTree = "<group>"; };
		5EADE98C1FD262BF00573DB1 /* HPManageEduViewController.h */ = {isa = PBXFileReference; lastKnownFileType = sourcecode.c.h; path = HPManageEduViewController.h; sourceTree = "<group>"; };
		5EADE98D1FD262BF00573DB1 /* HPManageEduViewController.m */ = {isa = PBXFileReference; lastKnownFileType = sourcecode.c.objc; path = HPManageEduViewController.m; sourceTree = "<group>"; };
		5EADE98F1FD2791100573DB1 /* MCContentCtrl.h */ = {isa = PBXFileReference; lastKnownFileType = sourcecode.c.h; path = MCContentCtrl.h; sourceTree = "<group>"; };
		5EADE9901FD2791100573DB1 /* MCContentCtrl.m */ = {isa = PBXFileReference; lastKnownFileType = sourcecode.c.objc; path = MCContentCtrl.m; sourceTree = "<group>"; };
		5EADE9921FD29D3E00573DB1 /* HPAddTagsViewController.h */ = {isa = PBXFileReference; lastKnownFileType = sourcecode.c.h; path = HPAddTagsViewController.h; sourceTree = "<group>"; };
		5EADE9931FD29D3E00573DB1 /* HPAddTagsViewController.m */ = {isa = PBXFileReference; lastKnownFileType = sourcecode.c.objc; path = HPAddTagsViewController.m; sourceTree = "<group>"; };
		5EADE9981FD2A55F00573DB1 /* HPTagsCollectionCell.h */ = {isa = PBXFileReference; lastKnownFileType = sourcecode.c.h; path = HPTagsCollectionCell.h; sourceTree = "<group>"; };
		5EADE9991FD2A55F00573DB1 /* HPTagsCollectionCell.m */ = {isa = PBXFileReference; lastKnownFileType = sourcecode.c.objc; path = HPTagsCollectionCell.m; sourceTree = "<group>"; };
		5EADE99B1FD2B6B800573DB1 /* HPManageTagsViewController.h */ = {isa = PBXFileReference; lastKnownFileType = sourcecode.c.h; path = HPManageTagsViewController.h; sourceTree = "<group>"; };
		5EADE99C1FD2B6B800573DB1 /* HPManageTagsViewController.m */ = {isa = PBXFileReference; lastKnownFileType = sourcecode.c.objc; path = HPManageTagsViewController.m; sourceTree = "<group>"; };
		5EADE99E1FD2B6E500573DB1 /* HPTagsContentViewController.h */ = {isa = PBXFileReference; lastKnownFileType = sourcecode.c.h; path = HPTagsContentViewController.h; sourceTree = "<group>"; };
		5EADE99F1FD2B6E500573DB1 /* HPTagsContentViewController.m */ = {isa = PBXFileReference; lastKnownFileType = sourcecode.c.objc; path = HPTagsContentViewController.m; sourceTree = "<group>"; };
		8477A48C1FD0F7B0003D1FA8 /* MemberCenterTipsCell.h */ = {isa = PBXFileReference; lastKnownFileType = sourcecode.c.h; path = MemberCenterTipsCell.h; sourceTree = "<group>"; };
		8477A48D1FD0F7B0003D1FA8 /* MemberCenterTipsCell.m */ = {isa = PBXFileReference; lastKnownFileType = sourcecode.c.objc; path = MemberCenterTipsCell.m; sourceTree = "<group>"; };
		8477A48F1FD1264B003D1FA8 /* OrderPriceModel.h */ = {isa = PBXFileReference; lastKnownFileType = sourcecode.c.h; path = OrderPriceModel.h; sourceTree = "<group>"; };
		8477A4901FD1264B003D1FA8 /* OrderPriceModel.m */ = {isa = PBXFileReference; lastKnownFileType = sourcecode.c.objc; path = OrderPriceModel.m; sourceTree = "<group>"; };
		8477A4961FD14F4D003D1FA8 /* HomePageCtrl.h */ = {isa = PBXFileReference; lastKnownFileType = sourcecode.c.h; path = HomePageCtrl.h; sourceTree = "<group>"; };
		8477A4971FD14F4D003D1FA8 /* HomePageCtrl.m */ = {isa = PBXFileReference; lastKnownFileType = sourcecode.c.objc; path = HomePageCtrl.m; sourceTree = "<group>"; };
		8477A4BC1FD1535F003D1FA8 /* PersonalHeadCell.h */ = {isa = PBXFileReference; lastKnownFileType = sourcecode.c.h; path = PersonalHeadCell.h; sourceTree = "<group>"; };
		8477A4BD1FD1535F003D1FA8 /* PersonalHeadCell.m */ = {isa = PBXFileReference; lastKnownFileType = sourcecode.c.objc; path = PersonalHeadCell.m; sourceTree = "<group>"; };
		8477A4BE1FD1535F003D1FA8 /* PersonalHeadCell.xib */ = {isa = PBXFileReference; lastKnownFileType = file.xib; path = PersonalHeadCell.xib; sourceTree = "<group>"; };
		847BC16D1FCFAC38007C6FE8 /* MemberEnjoyCell.h */ = {isa = PBXFileReference; lastKnownFileType = sourcecode.c.h; path = MemberEnjoyCell.h; sourceTree = "<group>"; };
		847BC16E1FCFAC38007C6FE8 /* MemberEnjoyCell.m */ = {isa = PBXFileReference; lastKnownFileType = sourcecode.c.objc; path = MemberEnjoyCell.m; sourceTree = "<group>"; };
		847BC1701FCFC7DC007C6FE8 /* VIPOrderWaitPayCell.h */ = {isa = PBXFileReference; lastKnownFileType = sourcecode.c.h; path = VIPOrderWaitPayCell.h; sourceTree = "<group>"; };
		847BC1711FCFC7DC007C6FE8 /* VIPOrderWaitPayCell.m */ = {isa = PBXFileReference; lastKnownFileType = sourcecode.c.objc; path = VIPOrderWaitPayCell.m; sourceTree = "<group>"; };
		847BC1721FCFC7DC007C6FE8 /* VIPOrderWaitPayCell.xib */ = {isa = PBXFileReference; lastKnownFileType = file.xib; path = VIPOrderWaitPayCell.xib; sourceTree = "<group>"; };
		847BC1751FCFCBAE007C6FE8 /* VIPOrderTypeCell.h */ = {isa = PBXFileReference; lastKnownFileType = sourcecode.c.h; path = VIPOrderTypeCell.h; sourceTree = "<group>"; };
		847BC1761FCFCBAE007C6FE8 /* VIPOrderTypeCell.m */ = {isa = PBXFileReference; lastKnownFileType = sourcecode.c.objc; path = VIPOrderTypeCell.m; sourceTree = "<group>"; };
		847BC1771FCFCBAE007C6FE8 /* VIPOrderTypeCell.xib */ = {isa = PBXFileReference; lastKnownFileType = file.xib; path = VIPOrderTypeCell.xib; sourceTree = "<group>"; };
		847BC17A1FCFCFE5007C6FE8 /* VIPOrderTipsCell.h */ = {isa = PBXFileReference; lastKnownFileType = sourcecode.c.h; path = VIPOrderTipsCell.h; sourceTree = "<group>"; };
		847BC17B1FCFCFE5007C6FE8 /* VIPOrderTipsCell.m */ = {isa = PBXFileReference; lastKnownFileType = sourcecode.c.objc; path = VIPOrderTipsCell.m; sourceTree = "<group>"; };
		847BC17F1FCFE0B1007C6FE8 /* PayOrderBarView.h */ = {isa = PBXFileReference; lastKnownFileType = sourcecode.c.h; path = PayOrderBarView.h; sourceTree = "<group>"; };
		847BC1801FCFE0B1007C6FE8 /* PayOrderBarView.m */ = {isa = PBXFileReference; lastKnownFileType = sourcecode.c.objc; path = PayOrderBarView.m; sourceTree = "<group>"; };
		847BC1831FCFE8EE007C6FE8 /* Http.h */ = {isa = PBXFileReference; lastKnownFileType = sourcecode.c.h; path = Http.h; sourceTree = "<group>"; };
		847BC1841FCFE8EE007C6FE8 /* Http.m */ = {isa = PBXFileReference; lastKnownFileType = sourcecode.c.objc; path = Http.m; sourceTree = "<group>"; };
		847BC1871FCFF428007C6FE8 /* GVUserDefaults+Extension.h */ = {isa = PBXFileReference; lastKnownFileType = sourcecode.c.h; path = "GVUserDefaults+Extension.h"; sourceTree = "<group>"; };
		847BC1881FCFF428007C6FE8 /* GVUserDefaults+Extension.m */ = {isa = PBXFileReference; lastKnownFileType = sourcecode.c.objc; path = "GVUserDefaults+Extension.m"; sourceTree = "<group>"; };
		847BC18A1FCFF73B007C6FE8 /* RequestTest.h */ = {isa = PBXFileReference; lastKnownFileType = sourcecode.c.h; path = RequestTest.h; sourceTree = "<group>"; };
		847BC18B1FCFF73B007C6FE8 /* RequestTest.m */ = {isa = PBXFileReference; lastKnownFileType = sourcecode.c.objc; path = RequestTest.m; sourceTree = "<group>"; };
		847BC18E1FCFFF1A007C6FE8 /* Foundation+NSLog.m */ = {isa = PBXFileReference; lastKnownFileType = sourcecode.c.objc; path = "Foundation+NSLog.m"; sourceTree = "<group>"; };
		847BC1901FD0009F007C6FE8 /* NSDictionary+Log.h */ = {isa = PBXFileReference; lastKnownFileType = sourcecode.c.h; path = "NSDictionary+Log.h"; sourceTree = "<group>"; };
		847BC1911FD0009F007C6FE8 /* NSDictionary+Log.m */ = {isa = PBXFileReference; lastKnownFileType = sourcecode.c.objc; path = "NSDictionary+Log.m"; sourceTree = "<group>"; };
		847C173D1FCE5267004793AD /* BaseTableViewController.m */ = {isa = PBXFileReference; fileEncoding = 4; lastKnownFileType = sourcecode.c.objc; path = BaseTableViewController.m; sourceTree = "<group>"; };
		847C173E1FCE5267004793AD /* BaseViewController.m */ = {isa = PBXFileReference; fileEncoding = 4; lastKnownFileType = sourcecode.c.objc; path = BaseViewController.m; sourceTree = "<group>"; };
		847C173F1FCE5267004793AD /* BaseNavigationController.m */ = {isa = PBXFileReference; fileEncoding = 4; lastKnownFileType = sourcecode.c.objc; path = BaseNavigationController.m; sourceTree = "<group>"; };
		847C17401FCE5267004793AD /* BaseTableViewController.h */ = {isa = PBXFileReference; fileEncoding = 4; lastKnownFileType = sourcecode.c.h; path = BaseTableViewController.h; sourceTree = "<group>"; };
		847C17411FCE5267004793AD /* BaseNavigationController.h */ = {isa = PBXFileReference; fileEncoding = 4; lastKnownFileType = sourcecode.c.h; path = BaseNavigationController.h; sourceTree = "<group>"; };
		847C17421FCE5267004793AD /* BaseViewController.h */ = {isa = PBXFileReference; fileEncoding = 4; lastKnownFileType = sourcecode.c.h; path = BaseViewController.h; sourceTree = "<group>"; };
		847C174B1FCE5DEC004793AD /* BlockCallBack.h */ = {isa = PBXFileReference; lastKnownFileType = sourcecode.c.h; path = BlockCallBack.h; sourceTree = "<group>"; };
		847C174C1FCE5E02004793AD /* DelegateCallBack.h */ = {isa = PBXFileReference; lastKnownFileType = sourcecode.c.h; path = DelegateCallBack.h; sourceTree = "<group>"; };
		847C17511FCE605D004793AD /* VIPDetailViewController.h */ = {isa = PBXFileReference; lastKnownFileType = sourcecode.c.h; path = VIPDetailViewController.h; sourceTree = "<group>"; };
		847C17521FCE605D004793AD /* VIPDetailViewController.m */ = {isa = PBXFileReference; lastKnownFileType = sourcecode.c.objc; path = VIPDetailViewController.m; sourceTree = "<group>"; };
		847C17541FCE6085004793AD /* VIPConfirmOrderViewController.h */ = {isa = PBXFileReference; lastKnownFileType = sourcecode.c.h; path = VIPConfirmOrderViewController.h; sourceTree = "<group>"; };
		847C17551FCE6085004793AD /* VIPConfirmOrderViewController.m */ = {isa = PBXFileReference; lastKnownFileType = sourcecode.c.objc; path = VIPConfirmOrderViewController.m; sourceTree = "<group>"; };
		847C17571FCE60C8004793AD /* VIPPayResultViewController.h */ = {isa = PBXFileReference; lastKnownFileType = sourcecode.c.h; path = VIPPayResultViewController.h; sourceTree = "<group>"; };
		847C17581FCE60C8004793AD /* VIPPayResultViewController.m */ = {isa = PBXFileReference; lastKnownFileType = sourcecode.c.objc; path = VIPPayResultViewController.m; sourceTree = "<group>"; };
		847C175A1FCE61B6004793AD /* MemberCenterCtrl.h */ = {isa = PBXFileReference; lastKnownFileType = sourcecode.c.h; path = MemberCenterCtrl.h; sourceTree = "<group>"; };
		847C175B1FCE61B6004793AD /* MemberCenterCtrl.m */ = {isa = PBXFileReference; lastKnownFileType = sourcecode.c.objc; path = MemberCenterCtrl.m; sourceTree = "<group>"; };
		847C175E1FCE6A31004793AD /* MakerDetailViewController.h */ = {isa = PBXFileReference; lastKnownFileType = sourcecode.c.h; path = MakerDetailViewController.h; sourceTree = "<group>"; };
		847C175F1FCE6A31004793AD /* MakerDetailViewController.m */ = {isa = PBXFileReference; lastKnownFileType = sourcecode.c.objc; path = MakerDetailViewController.m; sourceTree = "<group>"; };
		847C17611FCE6A75004793AD /* MakerConfirmOrderViewController.h */ = {isa = PBXFileReference; lastKnownFileType = sourcecode.c.h; path = MakerConfirmOrderViewController.h; sourceTree = "<group>"; };
		847C17621FCE6A75004793AD /* MakerConfirmOrderViewController.m */ = {isa = PBXFileReference; lastKnownFileType = sourcecode.c.objc; path = MakerConfirmOrderViewController.m; sourceTree = "<group>"; };
		847C17641FCE6A93004793AD /* MakerPayResultViewController.h */ = {isa = PBXFileReference; lastKnownFileType = sourcecode.c.h; path = MakerPayResultViewController.h; sourceTree = "<group>"; };
		847C17651FCE6A93004793AD /* MakerPayResultViewController.m */ = {isa = PBXFileReference; lastKnownFileType = sourcecode.c.objc; path = MakerPayResultViewController.m; sourceTree = "<group>"; };
		847C17681FCE6C42004793AD /* LockerConfirmOrderViewController.h */ = {isa = PBXFileReference; lastKnownFileType = sourcecode.c.h; path = LockerConfirmOrderViewController.h; sourceTree = "<group>"; };
		847C17691FCE6C42004793AD /* LockerConfirmOrderViewController.m */ = {isa = PBXFileReference; lastKnownFileType = sourcecode.c.objc; path = LockerConfirmOrderViewController.m; sourceTree = "<group>"; };
		847C176B1FCE6CA5004793AD /* LockerPayResultViewController.h */ = {isa = PBXFileReference; lastKnownFileType = sourcecode.c.h; path = LockerPayResultViewController.h; sourceTree = "<group>"; };
		847C176C1FCE6CA5004793AD /* LockerPayResultViewController.m */ = {isa = PBXFileReference; lastKnownFileType = sourcecode.c.objc; path = LockerPayResultViewController.m; sourceTree = "<group>"; };
		847C176E1FCE6D0D004793AD /* VIPWaitPayViewController.h */ = {isa = PBXFileReference; lastKnownFileType = sourcecode.c.h; path = VIPWaitPayViewController.h; sourceTree = "<group>"; };
		847C176F1FCE6D0D004793AD /* VIPWaitPayViewController.m */ = {isa = PBXFileReference; lastKnownFileType = sourcecode.c.objc; path = VIPWaitPayViewController.m; sourceTree = "<group>"; };
		847C17711FCE6D23004793AD /* MakerWaitPayViewController.h */ = {isa = PBXFileReference; lastKnownFileType = sourcecode.c.h; path = MakerWaitPayViewController.h; sourceTree = "<group>"; };
		847C17721FCE6D23004793AD /* MakerWaitPayViewController.m */ = {isa = PBXFileReference; lastKnownFileType = sourcecode.c.objc; path = MakerWaitPayViewController.m; sourceTree = "<group>"; };
		847C17741FCE6D31004793AD /* LockerWaitPayViewController.h */ = {isa = PBXFileReference; lastKnownFileType = sourcecode.c.h; path = LockerWaitPayViewController.h; sourceTree = "<group>"; };
		847C17751FCE6D31004793AD /* LockerWaitPayViewController.m */ = {isa = PBXFileReference; lastKnownFileType = sourcecode.c.objc; path = LockerWaitPayViewController.m; sourceTree = "<group>"; };
		847C17781FCE6DC9004793AD /* ContactCustomerService.h */ = {isa = PBXFileReference; lastKnownFileType = sourcecode.c.h; path = ContactCustomerService.h; sourceTree = "<group>"; };
		847C17791FCE6DC9004793AD /* ContactCustomerService.m */ = {isa = PBXFileReference; lastKnownFileType = sourcecode.c.objc; path = ContactCustomerService.m; sourceTree = "<group>"; };
		847C177C1FCE7883004793AD /* EnjoySectionHeader.h */ = {isa = PBXFileReference; lastKnownFileType = sourcecode.c.h; path = EnjoySectionHeader.h; sourceTree = "<group>"; };
		847C177D1FCE7883004793AD /* EnjoySectionHeader.m */ = {isa = PBXFileReference; lastKnownFileType = sourcecode.c.objc; path = EnjoySectionHeader.m; sourceTree = "<group>"; };
		847C17801FCE798C004793AD /* MemberCenterCell.h */ = {isa = PBXFileReference; lastKnownFileType = sourcecode.c.h; path = MemberCenterCell.h; sourceTree = "<group>"; };
		847C17811FCE798C004793AD /* MemberCenterCell.m */ = {isa = PBXFileReference; lastKnownFileType = sourcecode.c.objc; path = MemberCenterCell.m; sourceTree = "<group>"; };
		847C17831FCE8652004793AD /* MCCycleCollectionCell.h */ = {isa = PBXFileReference; lastKnownFileType = sourcecode.c.h; path = MCCycleCollectionCell.h; sourceTree = "<group>"; };
		847C17841FCE8652004793AD /* MCCycleCollectionCell.m */ = {isa = PBXFileReference; lastKnownFileType = sourcecode.c.objc; path = MCCycleCollectionCell.m; sourceTree = "<group>"; };
		847C17861FCEB9DE004793AD /* VIPDetailPriceCell.h */ = {isa = PBXFileReference; lastKnownFileType = sourcecode.c.h; path = VIPDetailPriceCell.h; sourceTree = "<group>"; };
		847C17871FCEB9DE004793AD /* VIPDetailPriceCell.m */ = {isa = PBXFileReference; lastKnownFileType = sourcecode.c.objc; path = VIPDetailPriceCell.m; sourceTree = "<group>"; };
		847C17891FCEBA32004793AD /* VIPDetailGiftBagCell.h */ = {isa = PBXFileReference; lastKnownFileType = sourcecode.c.h; path = VIPDetailGiftBagCell.h; sourceTree = "<group>"; };
		847C178A1FCEBA32004793AD /* VIPDetailGiftBagCell.m */ = {isa = PBXFileReference; lastKnownFileType = sourcecode.c.objc; path = VIPDetailGiftBagCell.m; sourceTree = "<group>"; };
		847C178B1FCEBA32004793AD /* VIPDetailGiftBagCell.xib */ = {isa = PBXFileReference; lastKnownFileType = file.xib; path = VIPDetailGiftBagCell.xib; sourceTree = "<group>"; };
		847C178E1FCEBA8C004793AD /* VIPDetailDiscountCell.h */ = {isa = PBXFileReference; lastKnownFileType = sourcecode.c.h; path = VIPDetailDiscountCell.h; sourceTree = "<group>"; };
		847C178F1FCEBA8C004793AD /* VIPDetailDiscountCell.m */ = {isa = PBXFileReference; lastKnownFileType = sourcecode.c.objc; path = VIPDetailDiscountCell.m; sourceTree = "<group>"; };
		847C17901FCEBA8C004793AD /* VIPDetailDiscountCell.xib */ = {isa = PBXFileReference; lastKnownFileType = file.xib; path = VIPDetailDiscountCell.xib; sourceTree = "<group>"; };
		847C17931FCEBAC4004793AD /* VIPDetailTipsCell.h */ = {isa = PBXFileReference; lastKnownFileType = sourcecode.c.h; path = VIPDetailTipsCell.h; sourceTree = "<group>"; };
		847C17941FCEBAC4004793AD /* VIPDetailTipsCell.m */ = {isa = PBXFileReference; lastKnownFileType = sourcecode.c.objc; path = VIPDetailTipsCell.m; sourceTree = "<group>"; };
		CA5E258E51337524F00D4225 /* libPods-Tang.a */ = {isa = PBXFileReference; explicitFileType = archive.ar; includeInIndex = 0; path = "libPods-Tang.a"; sourceTree = BUILT_PRODUCTS_DIR; };
		D8A5A9F6637E3D0285F5105D /* Pods-Tang.release.xcconfig */ = {isa = PBXFileReference; includeInIndex = 1; lastKnownFileType = text.xcconfig; name = "Pods-Tang.release.xcconfig"; path = "Pods/Target Support Files/Pods-Tang/Pods-Tang.release.xcconfig"; sourceTree = "<group>"; };
		D9C1D89D0CC039D1697D2E95 /* Pods-Tang.debug.xcconfig */ = {isa = PBXFileReference; includeInIndex = 1; lastKnownFileType = text.xcconfig; name = "Pods-Tang.debug.xcconfig"; path = "Pods/Target Support Files/Pods-Tang/Pods-Tang.debug.xcconfig"; sourceTree = "<group>"; };
/* End PBXFileReference section */

/* Begin PBXFrameworksBuildPhase section */
		5EA821CA1FCD7C4600DC1FEE /* Frameworks */ = {
			isa = PBXFrameworksBuildPhase;
			buildActionMask = 2147483647;
			files = (
				89FB1DC188E31433325A8E09 /* libPods-Tang.a in Frameworks */,
			);
			runOnlyForDeploymentPostprocessing = 0;
		};
/* End PBXFrameworksBuildPhase section */

/* Begin PBXGroup section */
		5E6552E81FD0285100B4697B /* Models */ = {
			isa = PBXGroup;
			children = (
				5E6552E91FD028BB00B4697B /* MemberCenterStatusModel.h */,
				5E6552EA1FD028BB00B4697B /* MemberCenterStatusModel.m */,
				8477A48F1FD1264B003D1FA8 /* OrderPriceModel.h */,
				8477A4901FD1264B003D1FA8 /* OrderPriceModel.m */,
			);
			path = Models;
			sourceTree = "<group>";
		};
		5EA821C41FCD7C4600DC1FEE = {
			isa = PBXGroup;
			children = (
				5EA821CF1FCD7C4600DC1FEE /* Tang */,
				5EA821CE1FCD7C4600DC1FEE /* Products */,
				5F53873F6648FB8CEE4AA34E /* Pods */,
				77BEFF0B4FE0660EFEFC9920 /* Frameworks */,
			);
			sourceTree = "<group>";
		};
		5EA821CE1FCD7C4600DC1FEE /* Products */ = {
			isa = PBXGroup;
			children = (
				5EA821CD1FCD7C4600DC1FEE /* Tang.app */,
			);
			name = Products;
			sourceTree = "<group>";
		};
		5EA821CF1FCD7C4600DC1FEE /* Tang */ = {
			isa = PBXGroup;
			children = (
				5EA821D01FCD7C4600DC1FEE /* AppDelegate.h */,
				5EA821D11FCD7C4600DC1FEE /* AppDelegate.m */,
				5EA821D31FCD7C4600DC1FEE /* ViewController.h */,
				5EA821D41FCD7C4600DC1FEE /* ViewController.m */,
				5EA821E91FCD7DCE00DC1FEE /* MineViewController.h */,
				5EA821EA1FCD7DCE00DC1FEE /* MineViewController.m */,
				5EA821EC1FCD7EFA00DC1FEE /* MineModel.h */,
				5EA821ED1FCD7EFA00DC1FEE /* MineModel.m */,
				5EA821EF1FCD85DC00DC1FEE /* MineHeadTableViewCell.h */,
				5EA821F01FCD85DC00DC1FEE /* MineHeadTableViewCell.m */,
				5EA821F11FCD85DC00DC1FEE /* MineHeadTableViewCell.xib */,
				5EA821F41FCD85EE00DC1FEE /* MineClassifyTableViewCell.h */,
				5EA821F51FCD85EE00DC1FEE /* MineClassifyTableViewCell.m */,
				5EA821F61FCD85EE00DC1FEE /* MineClassifyTableViewCell.xib */,
				5EA821F91FCD860B00DC1FEE /* MineNormalTableViewCell.h */,
				5EA821FA1FCD860B00DC1FEE /* MineNormalTableViewCell.m */,
				8477A4941FD14E3A003D1FA8 /* VIPModule */,
				5EA8222A1FCF000B00DC1FEE /* ComponentSheets */,
				847C17771FCE6D78004793AD /* ContactCustomer */,
				847C174A1FCE5DC9004793AD /* CallBack */,
				847C17671FCE6AF6004793AD /* LOCKER */,
				847C175D1FCE61CD004793AD /* MAKER */,
				847C17461FCE5C74004793AD /* PersonalHomePage */,
				847C173C1FCE5267004793AD /* BaseController */,
				5EA8220C1FCDAD7A00DC1FEE /* Scale */,
				5EA821FE1FCD87B900DC1FEE /* Font&Color */,
				5EA822161FCED45E00DC1FEE /* Cell */,
				5EA822261FCEEDC600DC1FEE /* Alert */,
				847BC1821FCFE8CE007C6FE8 /* Http */,
				847BC1861FCFF3D8007C6FE8 /* UserDefault */,
				5EA821D61FCD7C4600DC1FEE /* Main.storyboard */,
				5EA821D91FCD7C4600DC1FEE /* Assets.xcassets */,
				5EA821DB1FCD7C4600DC1FEE /* LaunchScreen.storyboard */,
				5EA821DE1FCD7C4600DC1FEE /* Info.plist */,
				5EA821DF1FCD7C4600DC1FEE /* main.m */,
				5EA8220B1FCD8AE900DC1FEE /* PrefixHeader.pch */,
				5EA821FC1FCD879C00DC1FEE /* MineResources.bundle */,
			);
			path = Tang;
			sourceTree = "<group>";
		};
		5EA821FE1FCD87B900DC1FEE /* Font&Color */ = {
			isa = PBXGroup;
			children = (
				5EA821FF1FCD87F500DC1FEE /* UIColor+Extension.h */,
				5EA822001FCD87F500DC1FEE /* UIColor+Extension.m */,
				5EA822021FCD881000DC1FEE /* UIFont+Extension.h */,
				5EA822031FCD881000DC1FEE /* UIFont+Extension.m */,
				5EA822051FCD88A300DC1FEE /* UIImage+Extension.h */,
				5EA822061FCD88A300DC1FEE /* UIImage+Extension.m */,
				5EA822081FCD89CD00DC1FEE /* UIView+Extension.h */,
				5EA822091FCD89CD00DC1FEE /* UIView+Extension.m */,
				5EA822101FCDAF6C00DC1FEE /* UIImage+Path.h */,
				5EA822111FCDAF6C00DC1FEE /* UIImage+Path.m */,
				5EA822271FCEEE0000DC1FEE /* UIAlertController+Extension.h */,
				5EA822281FCEEE0000DC1FEE /* UIAlertController+Extension.m */,
				847BC18E1FCFFF1A007C6FE8 /* Foundation+NSLog.m */,
				847BC1901FD0009F007C6FE8 /* NSDictionary+Log.h */,
				847BC1911FD0009F007C6FE8 /* NSDictionary+Log.m */,
			);
			path = "Font&Color";
			sourceTree = "<group>";
		};
		5EA8220C1FCDAD7A00DC1FEE /* Scale */ = {
			isa = PBXGroup;
			children = (
				5EA822131FCDC23F00DC1FEE /* Scale.h */,
				5EA822141FCDC23F00DC1FEE /* Scale.m */,
			);
			path = Scale;
			sourceTree = "<group>";
		};
		5EA822161FCED45E00DC1FEE /* Cell */ = {
			isa = PBXGroup;
			children = (
				5EA8221A1FCED6D100DC1FEE /* UITableView+Extension.h */,
				5EA8221B1FCED6D100DC1FEE /* UITableView+Extension.m */,
			);
			path = Cell;
			sourceTree = "<group>";
		};
		5EA822261FCEEDC600DC1FEE /* Alert */ = {
			isa = PBXGroup;
			children = (
			);
			path = Alert;
			sourceTree = "<group>";
		};
		5EA8222A1FCF000B00DC1FEE /* ComponentSheets */ = {
			isa = PBXGroup;
			children = (
				5EA8222B1FCF009700DC1FEE /* ActionSheetView.h */,
				5EA8222C1FCF009700DC1FEE /* ActionSheetView.m */,
				5EA822311FCF04F600DC1FEE /* ActionSheetBoardVciew.h */,
				5EA822321FCF04F600DC1FEE /* ActionSheetBoardVciew.m */,
				5EA8222E1FCF00AF00DC1FEE /* ActionSheetHeadView.h */,
				5EA8222F1FCF00AF00DC1FEE /* ActionSheetHeadView.m */,
			);
			path = ComponentSheets;
			sourceTree = "<group>";
		};
		5EADE9711FD1926F00573DB1 /* commonView */ = {
			isa = PBXGroup;
			children = (
				5EADE9721FD192AB00573DB1 /* HPPersonalHeadView.h */,
				5EADE9731FD192AB00573DB1 /* HPPersonalHeadView.m */,
			);
			path = commonView;
			sourceTree = "<group>";
		};
		5EADE9821FD19EC400573DB1 /* Models */ = {
			isa = PBXGroup;
			children = (
				5EADE9831FD19EEE00573DB1 /* HPEditPersonalModel.h */,
				5EADE9841FD19EEE00573DB1 /* HPEditPersonalModel.m */,
			);
			path = Models;
			sourceTree = "<group>";
		};
		5F53873F6648FB8CEE4AA34E /* Pods */ = {
			isa = PBXGroup;
			children = (
				D9C1D89D0CC039D1697D2E95 /* Pods-Tang.debug.xcconfig */,
				D8A5A9F6637E3D0285F5105D /* Pods-Tang.release.xcconfig */,
			);
			name = Pods;
			sourceTree = "<group>";
		};
		77BEFF0B4FE0660EFEFC9920 /* Frameworks */ = {
			isa = PBXGroup;
			children = (
				CA5E258E51337524F00D4225 /* libPods-Tang.a */,
			);
			name = Frameworks;
			sourceTree = "<group>";
		};
		8477A4941FD14E3A003D1FA8 /* VIPModule */ = {
			isa = PBXGroup;
			children = (
				847C177B1FCE7804004793AD /* MemberCenterCommon */,
				5E6552E81FD0285100B4697B /* Models */,
				847C177F1FCE793E004793AD /* VIPCells */,
				847C174D1FCE5F28004793AD /* VIP */,
			);
			path = VIPModule;
			sourceTree = "<group>";
		};
		8477A4951FD14EFF003D1FA8 /* Personal */ = {
			isa = PBXGroup;
			children = (
				8477A4961FD14F4D003D1FA8 /* HomePageCtrl.h */,
				8477A4971FD14F4D003D1FA8 /* HomePageCtrl.m */,
				5EADE9751FD19A1F00573DB1 /* HPEditPersonalViewController.h */,
				5EADE9761FD19A1F00573DB1 /* HPEditPersonalViewController.m */,
				5EADE9861FD1A68300573DB1 /* HPEditJobViewController.h */,
				5EADE9871FD1A68300573DB1 /* HPEditJobViewController.m */,
				5EADE98C1FD262BF00573DB1 /* HPManageEduViewController.h */,
				5EADE98D1FD262BF00573DB1 /* HPManageEduViewController.m */,
				5EADE9891FD255DC00573DB1 /* HPAddEduViewController.h */,
				5EADE98A1FD255DC00573DB1 /* HPAddEduViewController.m */,
				5EADE99B1FD2B6B800573DB1 /* HPManageTagsViewController.h */,
				5EADE99C1FD2B6B800573DB1 /* HPManageTagsViewController.m */,
				5EADE99E1FD2B6E500573DB1 /* HPTagsContentViewController.h */,
				5EADE99F1FD2B6E500573DB1 /* HPTagsContentViewController.m */,
				5EADE9921FD29D3E00573DB1 /* HPAddTagsViewController.h */,
				5EADE9931FD29D3E00573DB1 /* HPAddTagsViewController.m */,
			);
			path = Personal;
			sourceTree = "<group>";
		};
		8477A4BB1FD15317003D1FA8 /* PersonalCells */ = {
			isa = PBXGroup;
			children = (
				8477A4BC1FD1535F003D1FA8 /* PersonalHeadCell.h */,
				8477A4BD1FD1535F003D1FA8 /* PersonalHeadCell.m */,
				8477A4BE1FD1535F003D1FA8 /* PersonalHeadCell.xib */,
				5EADE9611FD17C0500573DB1 /* HPPersonalEmptyCell.h */,
				5EADE9621FD17C0500573DB1 /* HPPersonalEmptyCell.m */,
				5EADE9641FD184C100573DB1 /* HPPersonalProjectCell.h */,
				5EADE9651FD184C100573DB1 /* HPPersonalProjectCell.m */,
				5EADE9661FD184C100573DB1 /* HPPersonalProjectCell.xib */,
				5EADE9691FD184E600573DB1 /* HPPersonalEduCell.h */,
				5EADE96A1FD184E600573DB1 /* HPPersonalEduCell.m */,
				5EADE96B1FD184E600573DB1 /* HPPersonalEduCell.xib */,
				5EADE96E1FD1856500573DB1 /* HPPersonalTagsCell.h */,
				5EADE96F1FD1856500573DB1 /* HPPersonalTagsCell.m */,
				5EADE9781FD19B6400573DB1 /* HPEditPortraitCell.h */,
				5EADE9791FD19B6400573DB1 /* HPEditPortraitCell.m */,
				5EADE97A1FD19B6400573DB1 /* HPEditPortraitCell.xib */,
				5EADE97D1FD19C7E00573DB1 /* HPEditDefaultCell.h */,
				5EADE97E1FD19C7E00573DB1 /* HPEditDefaultCell.m */,
				5EADE97F1FD19C7E00573DB1 /* HPEditDefaultCell.xib */,
				5EADE9981FD2A55F00573DB1 /* HPTagsCollectionCell.h */,
				5EADE9991FD2A55F00573DB1 /* HPTagsCollectionCell.m */,
			);
			path = PersonalCells;
			sourceTree = "<group>";
		};
		847BC1821FCFE8CE007C6FE8 /* Http */ = {
			isa = PBXGroup;
			children = (
				847BC1831FCFE8EE007C6FE8 /* Http.h */,
				847BC1841FCFE8EE007C6FE8 /* Http.m */,
				847BC18A1FCFF73B007C6FE8 /* RequestTest.h */,
				847BC18B1FCFF73B007C6FE8 /* RequestTest.m */,
			);
			path = Http;
			sourceTree = "<group>";
		};
		847BC1861FCFF3D8007C6FE8 /* UserDefault */ = {
			isa = PBXGroup;
			children = (
				847BC1871FCFF428007C6FE8 /* GVUserDefaults+Extension.h */,
				847BC1881FCFF428007C6FE8 /* GVUserDefaults+Extension.m */,
			);
			path = UserDefault;
			sourceTree = "<group>";
		};
		847C173C1FCE5267004793AD /* BaseController */ = {
			isa = PBXGroup;
			children = (
				847C17401FCE5267004793AD /* BaseTableViewController.h */,
				847C173D1FCE5267004793AD /* BaseTableViewController.m */,
				847C17411FCE5267004793AD /* BaseNavigationController.h */,
				847C173F1FCE5267004793AD /* BaseNavigationController.m */,
				847C17421FCE5267004793AD /* BaseViewController.h */,
				847C173E1FCE5267004793AD /* BaseViewController.m */,
			);
			path = BaseController;
			sourceTree = "<group>";
		};
		847C17461FCE5C74004793AD /* PersonalHomePage */ = {
			isa = PBXGroup;
			children = (
				5EADE9821FD19EC400573DB1 /* Models */,
				5EADE9711FD1926F00573DB1 /* commonView */,
				8477A4BB1FD15317003D1FA8 /* PersonalCells */,
				8477A4951FD14EFF003D1FA8 /* Personal */,
			);
			path = PersonalHomePage;
			sourceTree = "<group>";
		};
		847C174A1FCE5DC9004793AD /* CallBack */ = {
			isa = PBXGroup;
			children = (
				847C174B1FCE5DEC004793AD /* BlockCallBack.h */,
				847C174C1FCE5E02004793AD /* DelegateCallBack.h */,
				5EA822251FCEEBE200DC1FEE /* Enum.h */,
			);
			path = CallBack;
			sourceTree = "<group>";
		};
		847C174D1FCE5F28004793AD /* VIP */ = {
			isa = PBXGroup;
			children = (
				847C175A1FCE61B6004793AD /* MemberCenterCtrl.h */,
				847C175B1FCE61B6004793AD /* MemberCenterCtrl.m */,
				5EADE98F1FD2791100573DB1 /* MCContentCtrl.h */,
				5EADE9901FD2791100573DB1 /* MCContentCtrl.m */,
				847C17511FCE605D004793AD /* VIPDetailViewController.h */,
				847C17521FCE605D004793AD /* VIPDetailViewController.m */,
				847C17541FCE6085004793AD /* VIPConfirmOrderViewController.h */,
				847C17551FCE6085004793AD /* VIPConfirmOrderViewController.m */,
				847C17571FCE60C8004793AD /* VIPPayResultViewController.h */,
				847C17581FCE60C8004793AD /* VIPPayResultViewController.m */,
				847C176E1FCE6D0D004793AD /* VIPWaitPayViewController.h */,
				847C176F1FCE6D0D004793AD /* VIPWaitPayViewController.m */,
			);
			path = VIP;
			sourceTree = "<group>";
		};
		847C175D1FCE61CD004793AD /* MAKER */ = {
			isa = PBXGroup;
			children = (
				847C175E1FCE6A31004793AD /* MakerDetailViewController.h */,
				847C175F1FCE6A31004793AD /* MakerDetailViewController.m */,
				847C17611FCE6A75004793AD /* MakerConfirmOrderViewController.h */,
				847C17621FCE6A75004793AD /* MakerConfirmOrderViewController.m */,
				847C17641FCE6A93004793AD /* MakerPayResultViewController.h */,
				847C17651FCE6A93004793AD /* MakerPayResultViewController.m */,
				847C17711FCE6D23004793AD /* MakerWaitPayViewController.h */,
				847C17721FCE6D23004793AD /* MakerWaitPayViewController.m */,
			);
			path = MAKER;
			sourceTree = "<group>";
		};
		847C17671FCE6AF6004793AD /* LOCKER */ = {
			isa = PBXGroup;
			children = (
				847C17681FCE6C42004793AD /* LockerConfirmOrderViewController.h */,
				847C17691FCE6C42004793AD /* LockerConfirmOrderViewController.m */,
				847C176B1FCE6CA5004793AD /* LockerPayResultViewController.h */,
				847C176C1FCE6CA5004793AD /* LockerPayResultViewController.m */,
				847C17741FCE6D31004793AD /* LockerWaitPayViewController.h */,
				847C17751FCE6D31004793AD /* LockerWaitPayViewController.m */,
			);
			path = LOCKER;
			sourceTree = "<group>";
		};
		847C17771FCE6D78004793AD /* ContactCustomer */ = {
			isa = PBXGroup;
			children = (
				847C17781FCE6DC9004793AD /* ContactCustomerService.h */,
				847C17791FCE6DC9004793AD /* ContactCustomerService.m */,
			);
			path = ContactCustomer;
			sourceTree = "<group>";
		};
		847C177B1FCE7804004793AD /* MemberCenterCommon */ = {
			isa = PBXGroup;
			children = (
				847C177C1FCE7883004793AD /* EnjoySectionHeader.h */,
				847C177D1FCE7883004793AD /* EnjoySectionHeader.m */,
				5EA822341FCF0D9400DC1FEE /* PaymentBarView.h */,
				5EA822351FCF0D9400DC1FEE /* PaymentBarView.m */,
				847BC17F1FCFE0B1007C6FE8 /* PayOrderBarView.h */,
				847BC1801FCFE0B1007C6FE8 /* PayOrderBarView.m */,
			);
			path = MemberCenterCommon;
			sourceTree = "<group>";
		};
		847C177F1FCE793E004793AD /* VIPCells */ = {
			isa = PBXGroup;
			children = (
				847C17801FCE798C004793AD /* MemberCenterCell.h */,
				847C17811FCE798C004793AD /* MemberCenterCell.m */,
				8477A48C1FD0F7B0003D1FA8 /* MemberCenterTipsCell.h */,
				8477A48D1FD0F7B0003D1FA8 /* MemberCenterTipsCell.m */,
				847C17831FCE8652004793AD /* MCCycleCollectionCell.h */,
				847C17841FCE8652004793AD /* MCCycleCollectionCell.m */,
				847C17861FCEB9DE004793AD /* VIPDetailPriceCell.h */,
				847C17871FCEB9DE004793AD /* VIPDetailPriceCell.m */,
				847C17891FCEBA32004793AD /* VIPDetailGiftBagCell.h */,
				847C178A1FCEBA32004793AD /* VIPDetailGiftBagCell.m */,
				847C178B1FCEBA32004793AD /* VIPDetailGiftBagCell.xib */,
				847C178E1FCEBA8C004793AD /* VIPDetailDiscountCell.h */,
				847C178F1FCEBA8C004793AD /* VIPDetailDiscountCell.m */,
				847C17901FCEBA8C004793AD /* VIPDetailDiscountCell.xib */,
				847C17931FCEBAC4004793AD /* VIPDetailTipsCell.h */,
				847C17941FCEBAC4004793AD /* VIPDetailTipsCell.m */,
				5EA8221D1FCEDF5E00DC1FEE /* VIPConfirmOrderCell.h */,
				5EA8221E1FCEDF5E00DC1FEE /* VIPConfirmOrderCell.m */,
				5EA8221F1FCEDF5E00DC1FEE /* VIPConfirmOrderCell.xib */,
				5EA822221FCEE5D200DC1FEE /* DefaultCell.h */,
				5EA822231FCEE5D200DC1FEE /* DefaultCell.m */,
				847BC16D1FCFAC38007C6FE8 /* MemberEnjoyCell.h */,
				847BC16E1FCFAC38007C6FE8 /* MemberEnjoyCell.m */,
				847BC1701FCFC7DC007C6FE8 /* VIPOrderWaitPayCell.h */,
				847BC1711FCFC7DC007C6FE8 /* VIPOrderWaitPayCell.m */,
				847BC1721FCFC7DC007C6FE8 /* VIPOrderWaitPayCell.xib */,
				847BC1751FCFCBAE007C6FE8 /* VIPOrderTypeCell.h */,
				847BC1761FCFCBAE007C6FE8 /* VIPOrderTypeCell.m */,
				847BC1771FCFCBAE007C6FE8 /* VIPOrderTypeCell.xib */,
				847BC17A1FCFCFE5007C6FE8 /* VIPOrderTipsCell.h */,
				847BC17B1FCFCFE5007C6FE8 /* VIPOrderTipsCell.m */,
			);
			path = VIPCells;
			sourceTree = "<group>";
		};
/* End PBXGroup section */

/* Begin PBXNativeTarget section */
		5EA821CC1FCD7C4600DC1FEE /* Tang */ = {
			isa = PBXNativeTarget;
			buildConfigurationList = 5EA821E31FCD7C4600DC1FEE /* Build configuration list for PBXNativeTarget "Tang" */;
			buildPhases = (
				59D9635C95EB77055D28C2EF /* [CP] Check Pods Manifest.lock */,
				5EA821C91FCD7C4600DC1FEE /* Sources */,
				5EA821CA1FCD7C4600DC1FEE /* Frameworks */,
				5EA821CB1FCD7C4600DC1FEE /* Resources */,
				11E2F7E9F8EE402ABC43DAC5 /* [CP] Embed Pods Frameworks */,
				12D4A78E1844005F40F65B0F /* [CP] Copy Pods Resources */,
			);
			buildRules = (
			);
			dependencies = (
			);
			name = Tang;
			productName = Tang;
			productReference = 5EA821CD1FCD7C4600DC1FEE /* Tang.app */;
			productType = "com.apple.product-type.application";
		};
/* End PBXNativeTarget section */

/* Begin PBXProject section */
		5EA821C51FCD7C4600DC1FEE /* Project object */ = {
			isa = PBXProject;
			attributes = {
				LastUpgradeCheck = 0910;
				ORGANIZATIONNAME = "虞嘉伟";
				TargetAttributes = {
					5EA821CC1FCD7C4600DC1FEE = {
						CreatedOnToolsVersion = 9.1;
						ProvisioningStyle = Automatic;
					};
				};
			};
			buildConfigurationList = 5EA821C81FCD7C4600DC1FEE /* Build configuration list for PBXProject "Tang" */;
			compatibilityVersion = "Xcode 8.0";
			developmentRegion = en;
			hasScannedForEncodings = 0;
			knownRegions = (
				en,
				Base,
			);
			mainGroup = 5EA821C41FCD7C4600DC1FEE;
			productRefGroup = 5EA821CE1FCD7C4600DC1FEE /* Products */;
			projectDirPath = "";
			projectRoot = "";
			targets = (
				5EA821CC1FCD7C4600DC1FEE /* Tang */,
			);
		};
/* End PBXProject section */

/* Begin PBXResourcesBuildPhase section */
		5EA821CB1FCD7C4600DC1FEE /* Resources */ = {
			isa = PBXResourcesBuildPhase;
			buildActionMask = 2147483647;
			files = (
				5EA821F31FCD85DC00DC1FEE /* MineHeadTableViewCell.xib in Resources */,
				5EA821F81FCD85EE00DC1FEE /* MineClassifyTableViewCell.xib in Resources */,
				5EADE96D1FD184E600573DB1 /* HPPersonalEduCell.xib in Resources */,
				847BC1791FCFCBAE007C6FE8 /* VIPOrderTypeCell.xib in Resources */,
				5EA821DD1FCD7C4600DC1FEE /* LaunchScreen.storyboard in Resources */,
				5EA822211FCEDF5E00DC1FEE /* VIPConfirmOrderCell.xib in Resources */,
				5EADE97C1FD19B6400573DB1 /* HPEditPortraitCell.xib in Resources */,
				5EADE9681FD184C100573DB1 /* HPPersonalProjectCell.xib in Resources */,
				847C178D1FCEBA32004793AD /* VIPDetailGiftBagCell.xib in Resources */,
				5EADE9811FD19C7E00573DB1 /* HPEditDefaultCell.xib in Resources */,
				5EA821DA1FCD7C4600DC1FEE /* Assets.xcassets in Resources */,
				847BC1741FCFC7DC007C6FE8 /* VIPOrderWaitPayCell.xib in Resources */,
				847C17921FCEBA8C004793AD /* VIPDetailDiscountCell.xib in Resources */,
				5EA821FD1FCD879C00DC1FEE /* MineResources.bundle in Resources */,
				5EA821D81FCD7C4600DC1FEE /* Main.storyboard in Resources */,
				8477A4C01FD1535F003D1FA8 /* PersonalHeadCell.xib in Resources */,
			);
			runOnlyForDeploymentPostprocessing = 0;
		};
/* End PBXResourcesBuildPhase section */

/* Begin PBXShellScriptBuildPhase section */
		11E2F7E9F8EE402ABC43DAC5 /* [CP] Embed Pods Frameworks */ = {
			isa = PBXShellScriptBuildPhase;
			buildActionMask = 2147483647;
			files = (
			);
			inputPaths = (
			);
			name = "[CP] Embed Pods Frameworks";
			outputPaths = (
			);
			runOnlyForDeploymentPostprocessing = 0;
			shellPath = /bin/sh;
			shellScript = "\"${SRCROOT}/Pods/Target Support Files/Pods-Tang/Pods-Tang-frameworks.sh\"\n";
			showEnvVarsInLog = 0;
		};
		12D4A78E1844005F40F65B0F /* [CP] Copy Pods Resources */ = {
			isa = PBXShellScriptBuildPhase;
			buildActionMask = 2147483647;
			files = (
			);
			inputPaths = (
			);
			name = "[CP] Copy Pods Resources";
			outputPaths = (
			);
			runOnlyForDeploymentPostprocessing = 0;
			shellPath = /bin/sh;
			shellScript = "\"${SRCROOT}/Pods/Target Support Files/Pods-Tang/Pods-Tang-resources.sh\"\n";
			showEnvVarsInLog = 0;
		};
		59D9635C95EB77055D28C2EF /* [CP] Check Pods Manifest.lock */ = {
			isa = PBXShellScriptBuildPhase;
			buildActionMask = 2147483647;
			files = (
			);
			inputPaths = (
				"${PODS_PODFILE_DIR_PATH}/Podfile.lock",
				"${PODS_ROOT}/Manifest.lock",
			);
			name = "[CP] Check Pods Manifest.lock";
			outputPaths = (
				"$(DERIVED_FILE_DIR)/Pods-Tang-checkManifestLockResult.txt",
			);
			runOnlyForDeploymentPostprocessing = 0;
			shellPath = /bin/sh;
			shellScript = "diff \"${PODS_PODFILE_DIR_PATH}/Podfile.lock\" \"${PODS_ROOT}/Manifest.lock\" > /dev/null\nif [ $? != 0 ] ; then\n    # print error to STDERR\n    echo \"error: The sandbox is not in sync with the Podfile.lock. Run 'pod install' or update your CocoaPods installation.\" >&2\n    exit 1\nfi\n# This output is used by Xcode 'outputs' to avoid re-running this script phase.\necho \"SUCCESS\" > \"${SCRIPT_OUTPUT_FILE_0}\"\n";
			showEnvVarsInLog = 0;
		};
/* End PBXShellScriptBuildPhase section */

/* Begin PBXSourcesBuildPhase section */
		5EA821C91FCD7C4600DC1FEE /* Sources */ = {
			isa = PBXSourcesBuildPhase;
			buildActionMask = 2147483647;
			files = (
				8477A4981FD14F4D003D1FA8 /* HomePageCtrl.m in Sources */,
				5EADE9671FD184C100573DB1 /* HPPersonalProjectCell.m in Sources */,
				5EA821F71FCD85EE00DC1FEE /* MineClassifyTableViewCell.m in Sources */,
				5EADE9851FD19EEE00573DB1 /* HPEditPersonalModel.m in Sources */,
				847C17881FCEB9DE004793AD /* VIPDetailPriceCell.m in Sources */,
				5EADE97B1FD19B6400573DB1 /* HPEditPortraitCell.m in Sources */,
				5EADE9631FD17C0500573DB1 /* HPPersonalEmptyCell.m in Sources */,
				847C176D1FCE6CA5004793AD /* LockerPayResultViewController.m in Sources */,
				847C177A1FCE6DC9004793AD /* ContactCustomerService.m in Sources */,
				847C17561FCE6085004793AD /* VIPConfirmOrderViewController.m in Sources */,
				5EADE9801FD19C7E00573DB1 /* HPEditDefaultCell.m in Sources */,
				847BC18F1FCFFF1A007C6FE8 /* Foundation+NSLog.m in Sources */,
				5EA822241FCEE5D200DC1FEE /* DefaultCell.m in Sources */,
				5EADE9771FD19A1F00573DB1 /* HPEditPersonalViewController.m in Sources */,
				847C17441FCE5267004793AD /* BaseViewController.m in Sources */,
				847C17951FCEBAC4004793AD /* VIPDetailTipsCell.m in Sources */,
				5EA822291FCEEE0000DC1FEE /* UIAlertController+Extension.m in Sources */,
				5EA821D51FCD7C4600DC1FEE /* ViewController.m in Sources */,
				847C17731FCE6D23004793AD /* MakerWaitPayViewController.m in Sources */,
				5EA8220A1FCD89CD00DC1FEE /* UIView+Extension.m in Sources */,
				847BC17C1FCFCFE5007C6FE8 /* VIPOrderTipsCell.m in Sources */,
				847BC1851FCFE8EE007C6FE8 /* Http.m in Sources */,
				847C17701FCE6D0D004793AD /* VIPWaitPayViewController.m in Sources */,
				5EA821FB1FCD860B00DC1FEE /* MineNormalTableViewCell.m in Sources */,
				847BC1921FD0009F007C6FE8 /* NSDictionary+Log.m in Sources */,
				847C17531FCE605D004793AD /* VIPDetailViewController.m in Sources */,
				5EA822361FCF0D9400DC1FEE /* PaymentBarView.m in Sources */,
				5E6552EB1FD028BB00B4697B /* MemberCenterStatusModel.m in Sources */,
				5EADE98B1FD255DC00573DB1 /* HPAddEduViewController.m in Sources */,
				847C176A1FCE6C42004793AD /* LockerConfirmOrderViewController.m in Sources */,
				847C17451FCE5267004793AD /* BaseNavigationController.m in Sources */,
				5EADE9701FD1856500573DB1 /* HPPersonalTagsCell.m in Sources */,
				5EA822071FCD88A300DC1FEE /* UIImage+Extension.m in Sources */,
				5EADE9941FD29D3E00573DB1 /* HPAddTagsViewController.m in Sources */,
				847C17661FCE6A93004793AD /* MakerPayResultViewController.m in Sources */,
				847BC1781FCFCBAE007C6FE8 /* VIPOrderTypeCell.m in Sources */,
				5EA822121FCDAF6C00DC1FEE /* UIImage+Path.m in Sources */,
				5EA821EB1FCD7DCE00DC1FEE /* MineViewController.m in Sources */,
				847C177E1FCE7883004793AD /* EnjoySectionHeader.m in Sources */,
				5EADE99A1FD2A55F00573DB1 /* HPTagsCollectionCell.m in Sources */,
				847C17591FCE60C8004793AD /* VIPPayResultViewController.m in Sources */,
				847C17601FCE6A31004793AD /* MakerDetailViewController.m in Sources */,
				847BC1731FCFC7DC007C6FE8 /* VIPOrderWaitPayCell.m in Sources */,
				5EADE9911FD2791100573DB1 /* MCContentCtrl.m in Sources */,
				5EA822041FCD881000DC1FEE /* UIFont+Extension.m in Sources */,
				847BC18C1FCFF73B007C6FE8 /* RequestTest.m in Sources */,
				8477A4BF1FD1535F003D1FA8 /* PersonalHeadCell.m in Sources */,
				847BC1811FCFE0B1007C6FE8 /* PayOrderBarView.m in Sources */,
				847C17761FCE6D31004793AD /* LockerWaitPayViewController.m in Sources */,
				847C17631FCE6A75004793AD /* MakerConfirmOrderViewController.m in Sources */,
				847C17431FCE5267004793AD /* BaseTableViewController.m in Sources */,
				5EA822151FCDC23F00DC1FEE /* Scale.m in Sources */,
				5EADE9A01FD2B6E500573DB1 /* HPTagsContentViewController.m in Sources */,
				5EADE9741FD192AB00573DB1 /* HPPersonalHeadView.m in Sources */,
				847C17911FCEBA8C004793AD /* VIPDetailDiscountCell.m in Sources */,
				5EA821E01FCD7C4600DC1FEE /* main.m in Sources */,
				5EADE98E1FD262BF00573DB1 /* HPManageEduViewController.m in Sources */,
				847BC1891FCFF428007C6FE8 /* GVUserDefaults+Extension.m in Sources */,
				847C175C1FCE61B6004793AD /* MemberCenterCtrl.m in Sources */,
				847C17821FCE798C004793AD /* MemberCenterCell.m in Sources */,
				5EA821EE1FCD7EFA00DC1FEE /* MineModel.m in Sources */,
				847BC16F1FCFAC38007C6FE8 /* MemberEnjoyCell.m in Sources */,
				5EA822201FCEDF5E00DC1FEE /* VIPConfirmOrderCell.m in Sources */,
				847C178C1FCEBA32004793AD /* VIPDetailGiftBagCell.m in Sources */,
				5EADE96C1FD184E600573DB1 /* HPPersonalEduCell.m in Sources */,
				5EA8221C1FCED6D100DC1FEE /* UITableView+Extension.m in Sources */,
				5EA822011FCD87F500DC1FEE /* UIColor+Extension.m in Sources */,
				5EA821D21FCD7C4600DC1FEE /* AppDelegate.m in Sources */,
				8477A48E1FD0F7B0003D1FA8 /* MemberCenterTipsCell.m in Sources */,
				5EA822301FCF00AF00DC1FEE /* ActionSheetHeadView.m in Sources */,
				5EADE99D1FD2B6B800573DB1 /* HPManageTagsViewController.m in Sources */,
				5EA8222D1FCF009700DC1FEE /* ActionSheetView.m in Sources */,
				8477A4911FD1264B003D1FA8 /* OrderPriceModel.m in Sources */,
				847C17851FCE8652004793AD /* MCCycleCollectionCell.m in Sources */,
				5EA822331FCF04F600DC1FEE /* ActionSheetBoardVciew.m in Sources */,
				5EADE9881FD1A68300573DB1 /* HPEditJobViewController.m in Sources */,
				5EA821F21FCD85DC00DC1FEE /* MineHeadTableViewCell.m in Sources */,
			);
			runOnlyForDeploymentPostprocessing = 0;
		};
/* End PBXSourcesBuildPhase section */

/* Begin PBXVariantGroup section */
		5EA821D61FCD7C4600DC1FEE /* Main.storyboard */ = {
			isa = PBXVariantGroup;
			children = (
				5EA821D71FCD7C4600DC1FEE /* Base */,
			);
			name = Main.storyboard;
			sourceTree = "<group>";
		};
		5EA821DB1FCD7C4600DC1FEE /* LaunchScreen.storyboard */ = {
			isa = PBXVariantGroup;
			children = (
				5EA821DC1FCD7C4600DC1FEE /* Base */,
			);
			name = LaunchScreen.storyboard;
			sourceTree = "<group>";
		};
/* End PBXVariantGroup section */

/* Begin XCBuildConfiguration section */
		5EA821E11FCD7C4600DC1FEE /* Debug */ = {
			isa = XCBuildConfiguration;
			buildSettings = {
				ALWAYS_SEARCH_USER_PATHS = NO;
				CLANG_ANALYZER_NONNULL = YES;
				CLANG_ANALYZER_NUMBER_OBJECT_CONVERSION = YES_AGGRESSIVE;
				CLANG_CXX_LANGUAGE_STANDARD = "gnu++14";
				CLANG_CXX_LIBRARY = "libc++";
				CLANG_ENABLE_MODULES = YES;
				CLANG_ENABLE_OBJC_ARC = YES;
				CLANG_WARN_BLOCK_CAPTURE_AUTORELEASING = YES;
				CLANG_WARN_BOOL_CONVERSION = YES;
				CLANG_WARN_COMMA = YES;
				CLANG_WARN_CONSTANT_CONVERSION = YES;
				CLANG_WARN_DIRECT_OBJC_ISA_USAGE = YES_ERROR;
				CLANG_WARN_DOCUMENTATION_COMMENTS = YES;
				CLANG_WARN_EMPTY_BODY = YES;
				CLANG_WARN_ENUM_CONVERSION = YES;
				CLANG_WARN_INFINITE_RECURSION = YES;
				CLANG_WARN_INT_CONVERSION = YES;
				CLANG_WARN_NON_LITERAL_NULL_CONVERSION = YES;
				CLANG_WARN_OBJC_LITERAL_CONVERSION = YES;
				CLANG_WARN_OBJC_ROOT_CLASS = YES_ERROR;
				CLANG_WARN_RANGE_LOOP_ANALYSIS = YES;
				CLANG_WARN_STRICT_PROTOTYPES = YES;
				CLANG_WARN_SUSPICIOUS_MOVE = YES;
				CLANG_WARN_UNGUARDED_AVAILABILITY = YES_AGGRESSIVE;
				CLANG_WARN_UNREACHABLE_CODE = YES;
				CLANG_WARN__DUPLICATE_METHOD_MATCH = YES;
				CODE_SIGN_IDENTITY = "iPhone Developer";
				COPY_PHASE_STRIP = NO;
				DEBUG_INFORMATION_FORMAT = dwarf;
				ENABLE_STRICT_OBJC_MSGSEND = YES;
				ENABLE_TESTABILITY = YES;
				GCC_C_LANGUAGE_STANDARD = gnu11;
				GCC_DYNAMIC_NO_PIC = NO;
				GCC_NO_COMMON_BLOCKS = YES;
				GCC_OPTIMIZATION_LEVEL = 0;
				GCC_PREPROCESSOR_DEFINITIONS = (
					"DEBUG=1",
					"$(inherited)",
				);
				GCC_WARN_64_TO_32_BIT_CONVERSION = YES;
				GCC_WARN_ABOUT_RETURN_TYPE = YES_ERROR;
				GCC_WARN_UNDECLARED_SELECTOR = YES;
				GCC_WARN_UNINITIALIZED_AUTOS = YES_AGGRESSIVE;
				GCC_WARN_UNUSED_FUNCTION = YES;
				GCC_WARN_UNUSED_VARIABLE = YES;
				IPHONEOS_DEPLOYMENT_TARGET = 11.1;
				MTL_ENABLE_DEBUG_INFO = YES;
				ONLY_ACTIVE_ARCH = YES;
				SDKROOT = iphoneos;
			};
			name = Debug;
		};
		5EA821E21FCD7C4600DC1FEE /* Release */ = {
			isa = XCBuildConfiguration;
			buildSettings = {
				ALWAYS_SEARCH_USER_PATHS = NO;
				CLANG_ANALYZER_NONNULL = YES;
				CLANG_ANALYZER_NUMBER_OBJECT_CONVERSION = YES_AGGRESSIVE;
				CLANG_CXX_LANGUAGE_STANDARD = "gnu++14";
				CLANG_CXX_LIBRARY = "libc++";
				CLANG_ENABLE_MODULES = YES;
				CLANG_ENABLE_OBJC_ARC = YES;
				CLANG_WARN_BLOCK_CAPTURE_AUTORELEASING = YES;
				CLANG_WARN_BOOL_CONVERSION = YES;
				CLANG_WARN_COMMA = YES;
				CLANG_WARN_CONSTANT_CONVERSION = YES;
				CLANG_WARN_DIRECT_OBJC_ISA_USAGE = YES_ERROR;
				CLANG_WARN_DOCUMENTATION_COMMENTS = YES;
				CLANG_WARN_EMPTY_BODY = YES;
				CLANG_WARN_ENUM_CONVERSION = YES;
				CLANG_WARN_INFINITE_RECURSION = YES;
				CLANG_WARN_INT_CONVERSION = YES;
				CLANG_WARN_NON_LITERAL_NULL_CONVERSION = YES;
				CLANG_WARN_OBJC_LITERAL_CONVERSION = YES;
				CLANG_WARN_OBJC_ROOT_CLASS = YES_ERROR;
				CLANG_WARN_RANGE_LOOP_ANALYSIS = YES;
				CLANG_WARN_STRICT_PROTOTYPES = YES;
				CLANG_WARN_SUSPICIOUS_MOVE = YES;
				CLANG_WARN_UNGUARDED_AVAILABILITY = YES_AGGRESSIVE;
				CLANG_WARN_UNREACHABLE_CODE = YES;
				CLANG_WARN__DUPLICATE_METHOD_MATCH = YES;
				CODE_SIGN_IDENTITY = "iPhone Developer";
				COPY_PHASE_STRIP = NO;
				DEBUG_INFORMATION_FORMAT = "dwarf-with-dsym";
				ENABLE_NS_ASSERTIONS = NO;
				ENABLE_STRICT_OBJC_MSGSEND = YES;
				GCC_C_LANGUAGE_STANDARD = gnu11;
				GCC_NO_COMMON_BLOCKS = YES;
				GCC_WARN_64_TO_32_BIT_CONVERSION = YES;
				GCC_WARN_ABOUT_RETURN_TYPE = YES_ERROR;
				GCC_WARN_UNDECLARED_SELECTOR = YES;
				GCC_WARN_UNINITIALIZED_AUTOS = YES_AGGRESSIVE;
				GCC_WARN_UNUSED_FUNCTION = YES;
				GCC_WARN_UNUSED_VARIABLE = YES;
				IPHONEOS_DEPLOYMENT_TARGET = 11.1;
				MTL_ENABLE_DEBUG_INFO = NO;
				SDKROOT = iphoneos;
				VALIDATE_PRODUCT = YES;
			};
			name = Release;
		};
		5EA821E41FCD7C4600DC1FEE /* Debug */ = {
			isa = XCBuildConfiguration;
			baseConfigurationReference = D9C1D89D0CC039D1697D2E95 /* Pods-Tang.debug.xcconfig */;
			buildSettings = {
				ASSETCATALOG_COMPILER_APPICON_NAME = AppIcon;
				CODE_SIGN_STYLE = Automatic;
				DEVELOPMENT_TEAM = XG9FTFMEKQ;
				GCC_PREFIX_HEADER = Tang/PrefixHeader.pch;
				INFOPLIST_FILE = Tang/Info.plist;
				IPHONEOS_DEPLOYMENT_TARGET = 8.0;
				LD_RUNPATH_SEARCH_PATHS = "$(inherited) @executable_path/Frameworks";
				PRODUCT_BUNDLE_IDENTIFIER = com.george.tang;
				PRODUCT_NAME = "$(TARGET_NAME)";
				TARGETED_DEVICE_FAMILY = "1,2";
			};
			name = Debug;
		};
		5EA821E51FCD7C4600DC1FEE /* Release */ = {
			isa = XCBuildConfiguration;
			baseConfigurationReference = D8A5A9F6637E3D0285F5105D /* Pods-Tang.release.xcconfig */;
			buildSettings = {
				ASSETCATALOG_COMPILER_APPICON_NAME = AppIcon;
				CODE_SIGN_STYLE = Automatic;
				DEVELOPMENT_TEAM = XG9FTFMEKQ;
				GCC_PREFIX_HEADER = Tang/PrefixHeader.pch;
				INFOPLIST_FILE = Tang/Info.plist;
				IPHONEOS_DEPLOYMENT_TARGET = 8.0;
				LD_RUNPATH_SEARCH_PATHS = "$(inherited) @executable_path/Frameworks";
				PRODUCT_BUNDLE_IDENTIFIER = com.george.tang;
				PRODUCT_NAME = "$(TARGET_NAME)";
				TARGETED_DEVICE_FAMILY = "1,2";
			};
			name = Release;
		};
/* End XCBuildConfiguration section */

/* Begin XCConfigurationList section */
		5EA821C81FCD7C4600DC1FEE /* Build configuration list for PBXProject "Tang" */ = {
			isa = XCConfigurationList;
			buildConfigurations = (
				5EA821E11FCD7C4600DC1FEE /* Debug */,
				5EA821E21FCD7C4600DC1FEE /* Release */,
			);
			defaultConfigurationIsVisible = 0;
			defaultConfigurationName = Release;
		};
		5EA821E31FCD7C4600DC1FEE /* Build configuration list for PBXNativeTarget "Tang" */ = {
			isa = XCConfigurationList;
			buildConfigurations = (
				5EA821E41FCD7C4600DC1FEE /* Debug */,
				5EA821E51FCD7C4600DC1FEE /* Release */,
			);
			defaultConfigurationIsVisible = 0;
			defaultConfigurationName = Release;
		};
/* End XCConfigurationList section */
	};
	rootObject = 5EA821C51FCD7C4600DC1FEE /* Project object */;
}
